// !$*UTF8*$!
{
	archiveVersion = 1;
	classes = {
	};
	objectVersion = 56;
	objects = {

/* Begin PBXBuildFile section */
		0E4C2DFF84317C68256C19A7 /* Pods_MyPhotoApp.framework in Frameworks */ = {isa = PBXBuildFile; fileRef = 36CDCC9F143E459B2B9C1604 /* Pods_MyPhotoApp.framework */; };
		5F0F8D802A31C39E00AF4EED /* AddOrderViewModelContract.swift in Sources */ = {isa = PBXBuildFile; fileRef = 5F0F8D7F2A31C39E00AF4EED /* AddOrderViewModelContract.swift */; };
		5F0F8D822A31C3C100AF4EED /* AddOrderViewModel.swift in Sources */ = {isa = PBXBuildFile; fileRef = 5F0F8D812A31C3C100AF4EED /* AddOrderViewModel.swift */; };
		5F0F8D842A31E22A00AF4EED /* DBUserModel.swift in Sources */ = {isa = PBXBuildFile; fileRef = 5F0F8D832A31E22A00AF4EED /* DBUserModel.swift */; };
		5F0F8D862A31E28B00AF4EED /* UserOrdersModel.swift in Sources */ = {isa = PBXBuildFile; fileRef = 5F0F8D852A31E28B00AF4EED /* UserOrdersModel.swift */; };
		5F2711892A488FAB00679028 /* WeatherModel.swift in Sources */ = {isa = PBXBuildFile; fileRef = 5F2711882A488FAA00679028 /* WeatherModel.swift */; };
		5F27118C2A4934AD00679028 /* WeatherManager.swift in Sources */ = {isa = PBXBuildFile; fileRef = 5F27118B2A4934AD00679028 /* WeatherManager.swift */; };
		5F27118F2A4AB7BD00679028 /* Constants.swift in Sources */ = {isa = PBXBuildFile; fileRef = 5F27118E2A4AB7BD00679028 /* Constants.swift */; };
		5F96A6C82A1723B200FBCFF5 /* FirebaseAuth in Frameworks */ = {isa = PBXBuildFile; productRef = 5F96A6C72A1723B200FBCFF5 /* FirebaseAuth */; };
		5F96A6CF2A17260900FBCFF5 /* AuthNetworkService.swift in Sources */ = {isa = PBXBuildFile; fileRef = 5F96A6CE2A17260900FBCFF5 /* AuthNetworkService.swift */; };
		5FA15D982A175727007A1AC6 /* AuthScreenContract.swift in Sources */ = {isa = PBXBuildFile; fileRef = 5FA15D972A175727007A1AC6 /* AuthScreenContract.swift */; };
		5FA15D9D2A175A91007A1AC6 /* AuthScreenViewModel.swift in Sources */ = {isa = PBXBuildFile; fileRef = 5FA15D9C2A175A91007A1AC6 /* AuthScreenViewModel.swift */; };
		5FA15DA02A176A21007A1AC6 /* AuthModel.swift in Sources */ = {isa = PBXBuildFile; fileRef = 5FA15D9F2A176A21007A1AC6 /* AuthModel.swift */; };
		5FA15DA42A184BDC007A1AC6 /* OrderModel.swift in Sources */ = {isa = PBXBuildFile; fileRef = 5FA15DA32A184BDC007A1AC6 /* OrderModel.swift */; };
		5FA15DAA2A1851E8007A1AC6 /* DetailOrderViewModelType.swift in Sources */ = {isa = PBXBuildFile; fileRef = 5FA15DA92A1851E8007A1AC6 /* DetailOrderViewModelType.swift */; };
		5FA15DAC2A185305007A1AC6 /* DetailOrderViewModel.swift in Sources */ = {isa = PBXBuildFile; fileRef = 5FA15DAB2A185305007A1AC6 /* DetailOrderViewModel.swift */; };
		5FA15DAE2A186BED007A1AC6 /* DetailOrderView.swift in Sources */ = {isa = PBXBuildFile; fileRef = 5FA15DAD2A186BED007A1AC6 /* DetailOrderView.swift */; };
		5FA3C3482A5BDC23003EA4F8 /* CustomTabBar.swift in Sources */ = {isa = PBXBuildFile; fileRef = 5FA3C3472A5BDC23003EA4F8 /* CustomTabBar.swift */; };
		5FA7224D2A1E154A003EB084 /* MocMainOrders.swift in Sources */ = {isa = PBXBuildFile; fileRef = 5FA7224C2A1E154A003EB084 /* MocMainOrders.swift */; };
		5FB717452A2090A300EC7BF6 /* GoogleService-Info.plist in Resources */ = {isa = PBXBuildFile; fileRef = 5FB717442A2090A300EC7BF6 /* GoogleService-Info.plist */; };
		5FB717482A223F6400EC7BF6 /* SettingScreenView.swift in Sources */ = {isa = PBXBuildFile; fileRef = 5FB717472A223F6400EC7BF6 /* SettingScreenView.swift */; };
		5FBA26702A14A08200E972FB /* MyPhotoAppApp.swift in Sources */ = {isa = PBXBuildFile; fileRef = 5FBA266F2A14A08200E972FB /* MyPhotoAppApp.swift */; };
		5FBA26742A14A08400E972FB /* Assets.xcassets in Resources */ = {isa = PBXBuildFile; fileRef = 5FBA26732A14A08400E972FB /* Assets.xcassets */; };
		5FBA26772A14A08400E972FB /* Preview Assets.xcassets in Resources */ = {isa = PBXBuildFile; fileRef = 5FBA26762A14A08400E972FB /* Preview Assets.xcassets */; };
		5FBA26812A14B88A00E972FB /* Localizable.strings in Resources */ = {isa = PBXBuildFile; fileRef = 5FBA26802A14B88A00E972FB /* Localizable.strings */; };
		5FBA268A2A14D21F00E972FB /* Colors.xcassets in Resources */ = {isa = PBXBuildFile; fileRef = 5FBA26892A14D21F00E972FB /* Colors.xcassets */; };
		5FBA26952A1502AF00E972FB /* R.generated.swift in Sources */ = {isa = PBXBuildFile; fileRef = 5FBA26942A1502AF00E972FB /* R.generated.swift */; };
		5FBA26982A1536A400E972FB /* CustomTextField.swift in Sources */ = {isa = PBXBuildFile; fileRef = 5FBA26972A1536A400E972FB /* CustomTextField.swift */; };
		5FBA269B2A15375E00E972FB /* AuthScreenView.swift in Sources */ = {isa = PBXBuildFile; fileRef = 5FBA269A2A15375E00E972FB /* AuthScreenView.swift */; };
		5FBA269D2A1600D800E972FB /* CustomButtonXl.swift in Sources */ = {isa = PBXBuildFile; fileRef = 5FBA269C2A1600D800E972FB /* CustomButtonXl.swift */; };
		5FBA269F2A162D6700E972FB /* CustomSecureTextField.swift in Sources */ = {isa = PBXBuildFile; fileRef = 5FBA269E2A162D6700E972FB /* CustomSecureTextField.swift */; };
		5FC1C0D52A2F7C0A00081FF1 /* StorageManager.swift in Sources */ = {isa = PBXBuildFile; fileRef = 5FC1C0D42A2F7C0A00081FF1 /* StorageManager.swift */; };
		5FE461122A3D9E4B001CD607 /* SDWebImageSwiftUI in Frameworks */ = {isa = PBXBuildFile; productRef = 5FE461112A3D9E4B001CD607 /* SDWebImageSwiftUI */; };
		5FF5466D2A1B573B00208455 /* MainScreenViewModelType.swift in Sources */ = {isa = PBXBuildFile; fileRef = 5FF5466C2A1B573B00208455 /* MainScreenViewModelType.swift */; };
		5FF5466F2A1B575500208455 /* MainScreenViewModel.swift in Sources */ = {isa = PBXBuildFile; fileRef = 5FF5466E2A1B575500208455 /* MainScreenViewModel.swift */; };
		5FF546712A1B577300208455 /* MainScreenView.swift in Sources */ = {isa = PBXBuildFile; fileRef = 5FF546702A1B577300208455 /* MainScreenView.swift */; };
		5FF546742A1B57E500208455 /* HCellMainScreenView.swift in Sources */ = {isa = PBXBuildFile; fileRef = 5FF546732A1B57E500208455 /* HCellMainScreenView.swift */; };
		5FF546762A1B8EBF00208455 /* filteredByDateView.swift in Sources */ = {isa = PBXBuildFile; fileRef = 5FF546752A1B8EBF00208455 /* filteredByDateView.swift */; };
		5FF546782A1B937A00208455 /* VCellMainScreenView.swift in Sources */ = {isa = PBXBuildFile; fileRef = 5FF546772A1B937A00208455 /* VCellMainScreenView.swift */; };
		5FF58F302A2380C9009AF970 /* RootScreenView.swift in Sources */ = {isa = PBXBuildFile; fileRef = 5FF58F2F2A2380C9009AF970 /* RootScreenView.swift */; };
		5FF58F322A2497EF009AF970 /* FirebaseFirestore in Frameworks */ = {isa = PBXBuildFile; productRef = 5FF58F312A2497EF009AF970 /* FirebaseFirestore */; };
		5FF58F342A2497EF009AF970 /* FirebaseFirestoreSwift in Frameworks */ = {isa = PBXBuildFile; productRef = 5FF58F332A2497EF009AF970 /* FirebaseFirestoreSwift */; };
		5FF58F372A24D647009AF970 /* UserManager.swift in Sources */ = {isa = PBXBuildFile; fileRef = 5FF58F362A24D647009AF970 /* UserManager.swift */; };
		5FF58F3D2A2704CA009AF970 /* AddOrderView.swift in Sources */ = {isa = PBXBuildFile; fileRef = 5FF58F3C2A2704CA009AF970 /* AddOrderView.swift */; };
		5FF58F412A2A3370009AF970 /* FirebaseStorage in Frameworks */ = {isa = PBXBuildFile; productRef = 5FF58F402A2A3370009AF970 /* FirebaseStorage */; };
		5FF65ADC2A1F62D400F5142F /* FirebaseAnalytics in Frameworks */ = {isa = PBXBuildFile; productRef = 5FF65ADB2A1F62D400F5142F /* FirebaseAnalytics */; };
		5FF65ADE2A1F62D400F5142F /* FirebaseAnalyticsSwift in Frameworks */ = {isa = PBXBuildFile; productRef = 5FF65ADD2A1F62D400F5142F /* FirebaseAnalyticsSwift */; };
/* End PBXBuildFile section */

/* Begin PBXFileReference section */
		36CDCC9F143E459B2B9C1604 /* Pods_MyPhotoApp.framework */ = {isa = PBXFileReference; explicitFileType = wrapper.framework; includeInIndex = 0; path = Pods_MyPhotoApp.framework; sourceTree = BUILT_PRODUCTS_DIR; };
		3A719D453A1FA8DDE0B5B4A0 /* Pods-MyPhotoApp.debug.xcconfig */ = {isa = PBXFileReference; includeInIndex = 1; lastKnownFileType = text.xcconfig; name = "Pods-MyPhotoApp.debug.xcconfig"; path = "Target Support Files/Pods-MyPhotoApp/Pods-MyPhotoApp.debug.xcconfig"; sourceTree = "<group>"; };
		5F0F8D7F2A31C39E00AF4EED /* AddOrderViewModelContract.swift */ = {isa = PBXFileReference; lastKnownFileType = sourcecode.swift; path = AddOrderViewModelContract.swift; sourceTree = "<group>"; };
		5F0F8D812A31C3C100AF4EED /* AddOrderViewModel.swift */ = {isa = PBXFileReference; lastKnownFileType = sourcecode.swift; path = AddOrderViewModel.swift; sourceTree = "<group>"; };
		5F0F8D832A31E22A00AF4EED /* DBUserModel.swift */ = {isa = PBXFileReference; lastKnownFileType = sourcecode.swift; path = DBUserModel.swift; sourceTree = "<group>"; };
		5F0F8D852A31E28B00AF4EED /* UserOrdersModel.swift */ = {isa = PBXFileReference; lastKnownFileType = sourcecode.swift; path = UserOrdersModel.swift; sourceTree = "<group>"; };
		5F2711882A488FAA00679028 /* WeatherModel.swift */ = {isa = PBXFileReference; lastKnownFileType = sourcecode.swift; path = WeatherModel.swift; sourceTree = "<group>"; };
		5F27118B2A4934AD00679028 /* WeatherManager.swift */ = {isa = PBXFileReference; lastKnownFileType = sourcecode.swift; path = WeatherManager.swift; sourceTree = "<group>"; };
		5F27118E2A4AB7BD00679028 /* Constants.swift */ = {isa = PBXFileReference; lastKnownFileType = sourcecode.swift; path = Constants.swift; sourceTree = "<group>"; };
		5F96A6CE2A17260900FBCFF5 /* AuthNetworkService.swift */ = {isa = PBXFileReference; lastKnownFileType = sourcecode.swift; path = AuthNetworkService.swift; sourceTree = "<group>"; };
		5FA15D972A175727007A1AC6 /* AuthScreenContract.swift */ = {isa = PBXFileReference; lastKnownFileType = sourcecode.swift; path = AuthScreenContract.swift; sourceTree = "<group>"; };
		5FA15D9C2A175A91007A1AC6 /* AuthScreenViewModel.swift */ = {isa = PBXFileReference; lastKnownFileType = sourcecode.swift; path = AuthScreenViewModel.swift; sourceTree = "<group>"; };
		5FA15D9F2A176A21007A1AC6 /* AuthModel.swift */ = {isa = PBXFileReference; lastKnownFileType = sourcecode.swift; path = AuthModel.swift; sourceTree = "<group>"; };
		5FA15DA32A184BDC007A1AC6 /* OrderModel.swift */ = {isa = PBXFileReference; lastKnownFileType = sourcecode.swift; path = OrderModel.swift; sourceTree = "<group>"; };
		5FA15DA92A1851E8007A1AC6 /* DetailOrderViewModelType.swift */ = {isa = PBXFileReference; lastKnownFileType = sourcecode.swift; path = DetailOrderViewModelType.swift; sourceTree = "<group>"; };
		5FA15DAB2A185305007A1AC6 /* DetailOrderViewModel.swift */ = {isa = PBXFileReference; lastKnownFileType = sourcecode.swift; path = DetailOrderViewModel.swift; sourceTree = "<group>"; };
		5FA15DAD2A186BED007A1AC6 /* DetailOrderView.swift */ = {isa = PBXFileReference; lastKnownFileType = sourcecode.swift; path = DetailOrderView.swift; sourceTree = "<group>"; };
		5FA3C3472A5BDC23003EA4F8 /* CustomTabBar.swift */ = {isa = PBXFileReference; lastKnownFileType = sourcecode.swift; path = CustomTabBar.swift; sourceTree = "<group>"; };
		5FA7224C2A1E154A003EB084 /* MocMainOrders.swift */ = {isa = PBXFileReference; lastKnownFileType = sourcecode.swift; path = MocMainOrders.swift; sourceTree = "<group>"; };
		5FA722502A1F145F003EB084 /* MyPhotoApp.entitlements */ = {isa = PBXFileReference; lastKnownFileType = text.plist.entitlements; path = MyPhotoApp.entitlements; sourceTree = "<group>"; };
		5FB717442A2090A300EC7BF6 /* GoogleService-Info.plist */ = {isa = PBXFileReference; fileEncoding = 4; lastKnownFileType = text.plist.xml; path = "GoogleService-Info.plist"; sourceTree = "<group>"; };
		5FB717472A223F6400EC7BF6 /* SettingScreenView.swift */ = {isa = PBXFileReference; lastKnownFileType = sourcecode.swift; path = SettingScreenView.swift; sourceTree = "<group>"; };
		5FBA266C2A14A08200E972FB /* MyPhotoApp.app */ = {isa = PBXFileReference; explicitFileType = wrapper.application; includeInIndex = 0; path = MyPhotoApp.app; sourceTree = BUILT_PRODUCTS_DIR; };
		5FBA266F2A14A08200E972FB /* MyPhotoAppApp.swift */ = {isa = PBXFileReference; lastKnownFileType = sourcecode.swift; path = MyPhotoAppApp.swift; sourceTree = "<group>"; };
		5FBA26732A14A08400E972FB /* Assets.xcassets */ = {isa = PBXFileReference; lastKnownFileType = folder.assetcatalog; path = Assets.xcassets; sourceTree = "<group>"; };
		5FBA26762A14A08400E972FB /* Preview Assets.xcassets */ = {isa = PBXFileReference; lastKnownFileType = folder.assetcatalog; path = "Preview Assets.xcassets"; sourceTree = "<group>"; };
		5FBA26802A14B88A00E972FB /* Localizable.strings */ = {isa = PBXFileReference; lastKnownFileType = text.plist.strings; path = Localizable.strings; sourceTree = "<group>"; };
		5FBA26892A14D21F00E972FB /* Colors.xcassets */ = {isa = PBXFileReference; lastKnownFileType = folder.assetcatalog; path = Colors.xcassets; sourceTree = "<group>"; };
		5FBA26942A1502AF00E972FB /* R.generated.swift */ = {isa = PBXFileReference; fileEncoding = 4; lastKnownFileType = sourcecode.swift; path = R.generated.swift; sourceTree = "<group>"; };
		5FBA26972A1536A400E972FB /* CustomTextField.swift */ = {isa = PBXFileReference; lastKnownFileType = sourcecode.swift; path = CustomTextField.swift; sourceTree = "<group>"; };
		5FBA269A2A15375E00E972FB /* AuthScreenView.swift */ = {isa = PBXFileReference; lastKnownFileType = sourcecode.swift; path = AuthScreenView.swift; sourceTree = "<group>"; };
		5FBA269C2A1600D800E972FB /* CustomButtonXl.swift */ = {isa = PBXFileReference; lastKnownFileType = sourcecode.swift; path = CustomButtonXl.swift; sourceTree = "<group>"; };
		5FBA269E2A162D6700E972FB /* CustomSecureTextField.swift */ = {isa = PBXFileReference; lastKnownFileType = sourcecode.swift; path = CustomSecureTextField.swift; sourceTree = "<group>"; };
		5FC1C0D42A2F7C0A00081FF1 /* StorageManager.swift */ = {isa = PBXFileReference; lastKnownFileType = sourcecode.swift; path = StorageManager.swift; sourceTree = "<group>"; };
		5FF5466C2A1B573B00208455 /* MainScreenViewModelType.swift */ = {isa = PBXFileReference; lastKnownFileType = sourcecode.swift; path = MainScreenViewModelType.swift; sourceTree = "<group>"; };
		5FF5466E2A1B575500208455 /* MainScreenViewModel.swift */ = {isa = PBXFileReference; lastKnownFileType = sourcecode.swift; path = MainScreenViewModel.swift; sourceTree = "<group>"; };
		5FF546702A1B577300208455 /* MainScreenView.swift */ = {isa = PBXFileReference; lastKnownFileType = sourcecode.swift; path = MainScreenView.swift; sourceTree = "<group>"; };
		5FF546732A1B57E500208455 /* HCellMainScreenView.swift */ = {isa = PBXFileReference; lastKnownFileType = sourcecode.swift; path = HCellMainScreenView.swift; sourceTree = "<group>"; };
		5FF546752A1B8EBF00208455 /* filteredByDateView.swift */ = {isa = PBXFileReference; lastKnownFileType = sourcecode.swift; path = filteredByDateView.swift; sourceTree = "<group>"; };
		5FF546772A1B937A00208455 /* VCellMainScreenView.swift */ = {isa = PBXFileReference; lastKnownFileType = sourcecode.swift; path = VCellMainScreenView.swift; sourceTree = "<group>"; };
		5FF58F2F2A2380C9009AF970 /* RootScreenView.swift */ = {isa = PBXFileReference; lastKnownFileType = sourcecode.swift; path = RootScreenView.swift; sourceTree = "<group>"; };
		5FF58F362A24D647009AF970 /* UserManager.swift */ = {isa = PBXFileReference; lastKnownFileType = sourcecode.swift; path = UserManager.swift; sourceTree = "<group>"; };
		5FF58F3C2A2704CA009AF970 /* AddOrderView.swift */ = {isa = PBXFileReference; lastKnownFileType = sourcecode.swift; path = AddOrderView.swift; sourceTree = "<group>"; };
		C1C15D56D3D2F0C3BE72C55D /* Pods-MyPhotoApp.release.xcconfig */ = {isa = PBXFileReference; includeInIndex = 1; lastKnownFileType = text.xcconfig; name = "Pods-MyPhotoApp.release.xcconfig"; path = "Target Support Files/Pods-MyPhotoApp/Pods-MyPhotoApp.release.xcconfig"; sourceTree = "<group>"; };
/* End PBXFileReference section */

/* Begin PBXFrameworksBuildPhase section */
		5FBA26692A14A08200E972FB /* Frameworks */ = {
			isa = PBXFrameworksBuildPhase;
			buildActionMask = 2147483647;
			files = (
				0E4C2DFF84317C68256C19A7 /* Pods_MyPhotoApp.framework in Frameworks */,
				5F96A6C82A1723B200FBCFF5 /* FirebaseAuth in Frameworks */,
				5FF65ADC2A1F62D400F5142F /* FirebaseAnalytics in Frameworks */,
				5FF58F342A2497EF009AF970 /* FirebaseFirestoreSwift in Frameworks */,
				5FE461122A3D9E4B001CD607 /* SDWebImageSwiftUI in Frameworks */,
				5FF58F412A2A3370009AF970 /* FirebaseStorage in Frameworks */,
				5FF65ADE2A1F62D400F5142F /* FirebaseAnalyticsSwift in Frameworks */,
				5FF58F322A2497EF009AF970 /* FirebaseFirestore in Frameworks */,
			);
			runOnlyForDeploymentPostprocessing = 0;
		};
/* End PBXFrameworksBuildPhase section */

/* Begin PBXGroup section */
		5F27118A2A49348600679028 /* OpenWeather */ = {
			isa = PBXGroup;
			children = (
				5F27118B2A4934AD00679028 /* WeatherManager.swift */,
			);
			path = OpenWeather;
			sourceTree = "<group>";
		};
		5F27118D2A4AB79800679028 /* Config */ = {
			isa = PBXGroup;
			children = (
				5F27118E2A4AB7BD00679028 /* Constants.swift */,
			);
			path = Config;
			sourceTree = "<group>";
		};
		5F96A6CB2A1724D700FBCFF5 /* Services */ = {
			isa = PBXGroup;
			children = (
				5F27118A2A49348600679028 /* OpenWeather */,
				5FC1C0D32A2F7A7E00081FF1 /* Storage */,
				5FF58F352A24D61D009AF970 /* Firesore */,
				5F96A6CC2A1725A700FBCFF5 /* Authentication */,
			);
			path = Services;
			sourceTree = "<group>";
		};
		5F96A6CC2A1725A700FBCFF5 /* Authentication */ = {
			isa = PBXGroup;
			children = (
				5F96A6CE2A17260900FBCFF5 /* AuthNetworkService.swift */,
			);
			path = Authentication;
			sourceTree = "<group>";
		};
		5F96A6CD2A1725CF00FBCFF5 /* BusinessLogicLayer */ = {
			isa = PBXGroup;
			children = (
				5F96A6CB2A1724D700FBCFF5 /* Services */,
			);
			path = BusinessLogicLayer;
			sourceTree = "<group>";
		};
		5FA15D992A17588E007A1AC6 /* Contracotr */ = {
			isa = PBXGroup;
			children = (
				5FA15D972A175727007A1AC6 /* AuthScreenContract.swift */,
			);
			path = Contracotr;
			sourceTree = "<group>";
		};
		5FA15D9A2A17589A007A1AC6 /* Views */ = {
			isa = PBXGroup;
			children = (
				5FBA269A2A15375E00E972FB /* AuthScreenView.swift */,
			);
			path = Views;
			sourceTree = "<group>";
		};
		5FA15D9B2A1758AA007A1AC6 /* ViewModels */ = {
			isa = PBXGroup;
			children = (
				5FA15D9C2A175A91007A1AC6 /* AuthScreenViewModel.swift */,
			);
			path = ViewModels;
			sourceTree = "<group>";
		};
		5FA15D9E2A176A06007A1AC6 /* Models */ = {
			isa = PBXGroup;
			children = (
				5FA15D9F2A176A21007A1AC6 /* AuthModel.swift */,
				5FA15DA32A184BDC007A1AC6 /* OrderModel.swift */,
				5F0F8D852A31E28B00AF4EED /* UserOrdersModel.swift */,
				5F0F8D832A31E22A00AF4EED /* DBUserModel.swift */,
				5F2711882A488FAA00679028 /* WeatherModel.swift */,
			);
			path = Models;
			sourceTree = "<group>";
		};
		5FA15DA52A184FA9007A1AC6 /* DetailOrderUserStory */ = {
			isa = PBXGroup;
			children = (
				5FA15DA82A184FEF007A1AC6 /* Views */,
				5FA15DA72A184FED007A1AC6 /* ViewModels */,
				5FA15DA62A184FEA007A1AC6 /* Contractor */,
			);
			path = DetailOrderUserStory;
			sourceTree = "<group>";
		};
		5FA15DA62A184FEA007A1AC6 /* Contractor */ = {
			isa = PBXGroup;
			children = (
				5FA15DA92A1851E8007A1AC6 /* DetailOrderViewModelType.swift */,
			);
			path = Contractor;
			sourceTree = "<group>";
		};
		5FA15DA72A184FED007A1AC6 /* ViewModels */ = {
			isa = PBXGroup;
			children = (
				5FA15DAB2A185305007A1AC6 /* DetailOrderViewModel.swift */,
			);
			path = ViewModels;
			sourceTree = "<group>";
		};
		5FA15DA82A184FEF007A1AC6 /* Views */ = {
			isa = PBXGroup;
			children = (
				5FA15DAD2A186BED007A1AC6 /* DetailOrderView.swift */,
			);
			path = Views;
			sourceTree = "<group>";
		};
		5FA3C3462A5BDC07003EA4F8 /* TabBar */ = {
			isa = PBXGroup;
			children = (
				5FA3C3472A5BDC23003EA4F8 /* CustomTabBar.swift */,
			);
			path = TabBar;
			sourceTree = "<group>";
		};
		5FB6BC022A53EA8B003E0DB3 /* AddEditOrder */ = {
			isa = PBXGroup;
			children = (
				5FF58F3B2A270492009AF970 /* Views */,
				5FF58F3A2A27048E009AF970 /* ViewModels */,
				5FF58F392A27048C009AF970 /* Contract */,
			);
			path = AddEditOrder;
			sourceTree = "<group>";
		};
		5FB6C7FD2A1DEC77005FB152 /* Constants */ = {
			isa = PBXGroup;
			children = (
				5FA7224C2A1E154A003EB084 /* MocMainOrders.swift */,
			);
			path = Constants;
			sourceTree = "<group>";
		};
		5FB717462A223F3000EC7BF6 /* SettingsScreenUserStory */ = {
			isa = PBXGroup;
			children = (
				5FB717472A223F6400EC7BF6 /* SettingScreenView.swift */,
			);
			path = SettingsScreenUserStory;
			sourceTree = "<group>";
		};
		5FBA26632A14A08200E972FB = {
			isa = PBXGroup;
			children = (
				5FB717442A2090A300EC7BF6 /* GoogleService-Info.plist */,
				5FBA266E2A14A08200E972FB /* MyPhotoApp */,
				5FBA266D2A14A08200E972FB /* Products */,
				C282337F8450236C633B7DF3 /* Pods */,
				D768762854DA29471B6A235A /* Frameworks */,
			);
			sourceTree = "<group>";
		};
		5FBA266D2A14A08200E972FB /* Products */ = {
			isa = PBXGroup;
			children = (
				5FBA266C2A14A08200E972FB /* MyPhotoApp.app */,
			);
			name = Products;
			sourceTree = "<group>";
		};
		5FBA266E2A14A08200E972FB /* MyPhotoApp */ = {
			isa = PBXGroup;
			children = (
				5FA722502A1F145F003EB084 /* MyPhotoApp.entitlements */,
				5FBA26822A14CA9000E972FB /* Resources */,
				5FBA26832A14CAB000E972FB /* Sources */,
				5FBA266F2A14A08200E972FB /* MyPhotoAppApp.swift */,
				5FBA26752A14A08400E972FB /* Preview Content */,
			);
			path = MyPhotoApp;
			sourceTree = "<group>";
		};
		5FBA26752A14A08400E972FB /* Preview Content */ = {
			isa = PBXGroup;
			children = (
				5FBA26762A14A08400E972FB /* Preview Assets.xcassets */,
			);
			path = "Preview Content";
			sourceTree = "<group>";
		};
		5FBA26822A14CA9000E972FB /* Resources */ = {
			isa = PBXGroup;
			children = (
				5F27118D2A4AB79800679028 /* Config */,
				5FBA26862A14CCC900E972FB /* Assets */,
				5FBA26852A14CCAE00E972FB /* Localizations */,
				5FBA26842A14CAC400E972FB /* Rswift */,
			);
			path = Resources;
			sourceTree = "<group>";
		};
		5FBA26832A14CAB000E972FB /* Sources */ = {
			isa = PBXGroup;
			children = (
				5FA3C3462A5BDC07003EA4F8 /* TabBar */,
				5FF58F2F2A2380C9009AF970 /* RootScreenView.swift */,
				5FF58F382A27043A009AF970 /* OrdersUserStory */,
				5FB717462A223F3000EC7BF6 /* SettingsScreenUserStory */,
				5FB6C7FD2A1DEC77005FB152 /* Constants */,
				5FBA26992A15370A00E972FB /* AuthUserStory */,
				5FF546682A1B56F300208455 /* MainScreenUserStory */,
				5FA15DA52A184FA9007A1AC6 /* DetailOrderUserStory */,
				5FBA26962A15367900E972FB /* Common */,
				5FA15D9E2A176A06007A1AC6 /* Models */,
				5F96A6CD2A1725CF00FBCFF5 /* BusinessLogicLayer */,
			);
			path = Sources;
			sourceTree = "<group>";
		};
		5FBA26842A14CAC400E972FB /* Rswift */ = {
			isa = PBXGroup;
			children = (
				5FBA26942A1502AF00E972FB /* R.generated.swift */,
			);
			path = Rswift;
			sourceTree = "<group>";
		};
		5FBA26852A14CCAE00E972FB /* Localizations */ = {
			isa = PBXGroup;
			children = (
				5FBA26802A14B88A00E972FB /* Localizable.strings */,
			);
			path = Localizations;
			sourceTree = "<group>";
		};
		5FBA26862A14CCC900E972FB /* Assets */ = {
			isa = PBXGroup;
			children = (
				5FBA26732A14A08400E972FB /* Assets.xcassets */,
				5FBA26892A14D21F00E972FB /* Colors.xcassets */,
			);
			path = Assets;
			sourceTree = "<group>";
		};
		5FBA26962A15367900E972FB /* Common */ = {
			isa = PBXGroup;
			children = (
				5FBA26972A1536A400E972FB /* CustomTextField.swift */,
				5FBA269E2A162D6700E972FB /* CustomSecureTextField.swift */,
				5FBA269C2A1600D800E972FB /* CustomButtonXl.swift */,
			);
			path = Common;
			sourceTree = "<group>";
		};
		5FBA26992A15370A00E972FB /* AuthUserStory */ = {
			isa = PBXGroup;
			children = (
				5FA15D9B2A1758AA007A1AC6 /* ViewModels */,
				5FA15D9A2A17589A007A1AC6 /* Views */,
				5FA15D992A17588E007A1AC6 /* Contracotr */,
			);
			path = AuthUserStory;
			sourceTree = "<group>";
		};
		5FC1C0D32A2F7A7E00081FF1 /* Storage */ = {
			isa = PBXGroup;
			children = (
				5FC1C0D42A2F7C0A00081FF1 /* StorageManager.swift */,
			);
			path = Storage;
			sourceTree = "<group>";
		};
		5FF546682A1B56F300208455 /* MainScreenUserStory */ = {
			isa = PBXGroup;
			children = (
				5FF5466B2A1B571800208455 /* Contractor */,
				5FF5466A2A1B571300208455 /* ViewModels */,
				5FF546692A1B571100208455 /* Views */,
			);
			path = MainScreenUserStory;
			sourceTree = "<group>";
		};
		5FF546692A1B571100208455 /* Views */ = {
			isa = PBXGroup;
			children = (
				5FF546722A1B57C800208455 /* Cells */,
				5FF546702A1B577300208455 /* MainScreenView.swift */,
				5FF546752A1B8EBF00208455 /* filteredByDateView.swift */,
			);
			path = Views;
			sourceTree = "<group>";
		};
		5FF5466A2A1B571300208455 /* ViewModels */ = {
			isa = PBXGroup;
			children = (
				5FF5466E2A1B575500208455 /* MainScreenViewModel.swift */,
			);
			path = ViewModels;
			sourceTree = "<group>";
		};
		5FF5466B2A1B571800208455 /* Contractor */ = {
			isa = PBXGroup;
			children = (
				5FF5466C2A1B573B00208455 /* MainScreenViewModelType.swift */,
			);
			path = Contractor;
			sourceTree = "<group>";
		};
		5FF546722A1B57C800208455 /* Cells */ = {
			isa = PBXGroup;
			children = (
				5FF546732A1B57E500208455 /* HCellMainScreenView.swift */,
				5FF546772A1B937A00208455 /* VCellMainScreenView.swift */,
			);
			path = Cells;
			sourceTree = "<group>";
		};
		5FF58F352A24D61D009AF970 /* Firesore */ = {
			isa = PBXGroup;
			children = (
				5FF58F362A24D647009AF970 /* UserManager.swift */,
			);
			path = Firesore;
			sourceTree = "<group>";
		};
		5FF58F382A27043A009AF970 /* OrdersUserStory */ = {
			isa = PBXGroup;
			children = (
				5FB6BC022A53EA8B003E0DB3 /* AddEditOrder */,
			);
			path = OrdersUserStory;
			sourceTree = "<group>";
		};
		5FF58F392A27048C009AF970 /* Contract */ = {
			isa = PBXGroup;
			children = (
				5F0F8D7F2A31C39E00AF4EED /* AddOrderViewModelContract.swift */,
			);
			path = Contract;
			sourceTree = "<group>";
		};
		5FF58F3A2A27048E009AF970 /* ViewModels */ = {
			isa = PBXGroup;
			children = (
				5F0F8D812A31C3C100AF4EED /* AddOrderViewModel.swift */,
			);
			path = ViewModels;
			sourceTree = "<group>";
		};
		5FF58F3B2A270492009AF970 /* Views */ = {
			isa = PBXGroup;
			children = (
				5FF58F3C2A2704CA009AF970 /* AddOrderView.swift */,
			);
			path = Views;
			sourceTree = "<group>";
		};
		C282337F8450236C633B7DF3 /* Pods */ = {
			isa = PBXGroup;
			children = (
				3A719D453A1FA8DDE0B5B4A0 /* Pods-MyPhotoApp.debug.xcconfig */,
				C1C15D56D3D2F0C3BE72C55D /* Pods-MyPhotoApp.release.xcconfig */,
			);
			path = Pods;
			sourceTree = "<group>";
		};
		D768762854DA29471B6A235A /* Frameworks */ = {
			isa = PBXGroup;
			children = (
				36CDCC9F143E459B2B9C1604 /* Pods_MyPhotoApp.framework */,
			);
			name = Frameworks;
			sourceTree = "<group>";
		};
/* End PBXGroup section */

/* Begin PBXNativeTarget section */
		5FBA266B2A14A08200E972FB /* MyPhotoApp */ = {
			isa = PBXNativeTarget;
			buildConfigurationList = 5FBA267A2A14A08400E972FB /* Build configuration list for PBXNativeTarget "MyPhotoApp" */;
			buildPhases = (
				F3D30A8A7E8AADF1F81BC003 /* [CP] Check Pods Manifest.lock */,
				5FBA267D2A14B6C900E972FB /* ShellScript */,
				5FBA26682A14A08200E972FB /* Sources */,
				5FBA26692A14A08200E972FB /* Frameworks */,
				5FBA266A2A14A08200E972FB /* Resources */,
				B53F957D33277325CFFCE9A5 /* [CP] Embed Pods Frameworks */,
			);
			buildRules = (
			);
			dependencies = (
			);
			name = MyPhotoApp;
			packageProductDependencies = (
				5F96A6C72A1723B200FBCFF5 /* FirebaseAuth */,
				5FF65ADB2A1F62D400F5142F /* FirebaseAnalytics */,
				5FF65ADD2A1F62D400F5142F /* FirebaseAnalyticsSwift */,
				5FF58F312A2497EF009AF970 /* FirebaseFirestore */,
				5FF58F332A2497EF009AF970 /* FirebaseFirestoreSwift */,
				5FF58F402A2A3370009AF970 /* FirebaseStorage */,
				5FE461112A3D9E4B001CD607 /* SDWebImageSwiftUI */,
			);
			productName = MyPhotoApp;
			productReference = 5FBA266C2A14A08200E972FB /* MyPhotoApp.app */;
			productType = "com.apple.product-type.application";
		};
/* End PBXNativeTarget section */

/* Begin PBXProject section */
		5FBA26642A14A08200E972FB /* Project object */ = {
			isa = PBXProject;
			attributes = {
				BuildIndependentTargetsInParallel = 1;
				LastSwiftUpdateCheck = 1430;
				LastUpgradeCheck = 1430;
				TargetAttributes = {
					5FBA266B2A14A08200E972FB = {
						CreatedOnToolsVersion = 14.3;
					};
				};
			};
			buildConfigurationList = 5FBA26672A14A08200E972FB /* Build configuration list for PBXProject "MyPhotoApp" */;
			compatibilityVersion = "Xcode 14.0";
			developmentRegion = en;
			hasScannedForEncodings = 0;
			knownRegions = (
				en,
				Base,
			);
			mainGroup = 5FBA26632A14A08200E972FB;
			packageReferences = (
				5F96A6C62A1723B200FBCFF5 /* XCRemoteSwiftPackageReference "firebase-ios-sdk" */,
				5FE461102A3D9E4B001CD607 /* XCRemoteSwiftPackageReference "SDWebImageSwiftUI" */,
			);
			productRefGroup = 5FBA266D2A14A08200E972FB /* Products */;
			projectDirPath = "";
			projectRoot = "";
			targets = (
				5FBA266B2A14A08200E972FB /* MyPhotoApp */,
			);
		};
/* End PBXProject section */

/* Begin PBXResourcesBuildPhase section */
		5FBA266A2A14A08200E972FB /* Resources */ = {
			isa = PBXResourcesBuildPhase;
			buildActionMask = 2147483647;
			files = (
				5FBA26772A14A08400E972FB /* Preview Assets.xcassets in Resources */,
				5FB717452A2090A300EC7BF6 /* GoogleService-Info.plist in Resources */,
				5FBA268A2A14D21F00E972FB /* Colors.xcassets in Resources */,
				5FBA26812A14B88A00E972FB /* Localizable.strings in Resources */,
				5FBA26742A14A08400E972FB /* Assets.xcassets in Resources */,
			);
			runOnlyForDeploymentPostprocessing = 0;
		};
/* End PBXResourcesBuildPhase section */

/* Begin PBXShellScriptBuildPhase section */
		5FBA267D2A14B6C900E972FB /* ShellScript */ = {
			isa = PBXShellScriptBuildPhase;
			alwaysOutOfDate = 1;
			buildActionMask = 2147483647;
			files = (
			);
			inputFileListPaths = (
			);
			inputPaths = (
			);
			outputFileListPaths = (
			);
			outputPaths = (
				$SRCROOT/R.generated.swift,
				$SRCROOT/MyPhotoApp/Resources/Rswift/R.generated.swift,
			);
			runOnlyForDeploymentPostprocessing = 0;
			shellPath = /bin/sh;
			shellScript = "\"$PODS_ROOT/R.swift/rswift\" generate \"$SRCROOT/MyPhotoApp/Resources/Rswift/R.generated.swift\"\n";
		};
		B53F957D33277325CFFCE9A5 /* [CP] Embed Pods Frameworks */ = {
			isa = PBXShellScriptBuildPhase;
			buildActionMask = 2147483647;
			files = (
			);
			inputFileListPaths = (
				"${PODS_ROOT}/Target Support Files/Pods-MyPhotoApp/Pods-MyPhotoApp-frameworks-${CONFIGURATION}-input-files.xcfilelist",
			);
			name = "[CP] Embed Pods Frameworks";
			outputFileListPaths = (
				"${PODS_ROOT}/Target Support Files/Pods-MyPhotoApp/Pods-MyPhotoApp-frameworks-${CONFIGURATION}-output-files.xcfilelist",
			);
			runOnlyForDeploymentPostprocessing = 0;
			shellPath = /bin/sh;
			shellScript = "\"${PODS_ROOT}/Target Support Files/Pods-MyPhotoApp/Pods-MyPhotoApp-frameworks.sh\"\n";
			showEnvVarsInLog = 0;
		};
		F3D30A8A7E8AADF1F81BC003 /* [CP] Check Pods Manifest.lock */ = {
			isa = PBXShellScriptBuildPhase;
			buildActionMask = 2147483647;
			files = (
			);
			inputFileListPaths = (
			);
			inputPaths = (
				"${PODS_PODFILE_DIR_PATH}/Podfile.lock",
				"${PODS_ROOT}/Manifest.lock",
			);
			name = "[CP] Check Pods Manifest.lock";
			outputFileListPaths = (
			);
			outputPaths = (
				"$(DERIVED_FILE_DIR)/Pods-MyPhotoApp-checkManifestLockResult.txt",
			);
			runOnlyForDeploymentPostprocessing = 0;
			shellPath = /bin/sh;
			shellScript = "diff \"${PODS_PODFILE_DIR_PATH}/Podfile.lock\" \"${PODS_ROOT}/Manifest.lock\" > /dev/null\nif [ $? != 0 ] ; then\n    # print error to STDERR\n    echo \"error: The sandbox is not in sync with the Podfile.lock. Run 'pod install' or update your CocoaPods installation.\" >&2\n    exit 1\nfi\n# This output is used by Xcode 'outputs' to avoid re-running this script phase.\necho \"SUCCESS\" > \"${SCRIPT_OUTPUT_FILE_0}\"\n";
			showEnvVarsInLog = 0;
		};
/* End PBXShellScriptBuildPhase section */

/* Begin PBXSourcesBuildPhase section */
		5FBA26682A14A08200E972FB /* Sources */ = {
			isa = PBXSourcesBuildPhase;
			buildActionMask = 2147483647;
			files = (
				5F0F8D802A31C39E00AF4EED /* AddOrderViewModelContract.swift in Sources */,
				5F27118F2A4AB7BD00679028 /* Constants.swift in Sources */,
				5FA7224D2A1E154A003EB084 /* MocMainOrders.swift in Sources */,
				5FF546742A1B57E500208455 /* HCellMainScreenView.swift in Sources */,
				5FA15DAE2A186BED007A1AC6 /* DetailOrderView.swift in Sources */,
				5FC1C0D52A2F7C0A00081FF1 /* StorageManager.swift in Sources */,
				5FB717482A223F6400EC7BF6 /* SettingScreenView.swift in Sources */,
				5F27118C2A4934AD00679028 /* WeatherManager.swift in Sources */,
				5FA3C3482A5BDC23003EA4F8 /* CustomTabBar.swift in Sources */,
				5FF546712A1B577300208455 /* MainScreenView.swift in Sources */,
				5F0F8D842A31E22A00AF4EED /* DBUserModel.swift in Sources */,
				5FBA269F2A162D6700E972FB /* CustomSecureTextField.swift in Sources */,
				5FF58F302A2380C9009AF970 /* RootScreenView.swift in Sources */,
				5FBA26702A14A08200E972FB /* MyPhotoAppApp.swift in Sources */,
				5FA15DAA2A1851E8007A1AC6 /* DetailOrderViewModelType.swift in Sources */,
				5FF5466F2A1B575500208455 /* MainScreenViewModel.swift in Sources */,
				5F2711892A488FAB00679028 /* WeatherModel.swift in Sources */,
				5FF546762A1B8EBF00208455 /* filteredByDateView.swift in Sources */,
				5F0F8D862A31E28B00AF4EED /* UserOrdersModel.swift in Sources */,
				5FF58F3D2A2704CA009AF970 /* AddOrderView.swift in Sources */,
				5F0F8D822A31C3C100AF4EED /* AddOrderViewModel.swift in Sources */,
				5FBA26952A1502AF00E972FB /* R.generated.swift in Sources */,
				5F96A6CF2A17260900FBCFF5 /* AuthNetworkService.swift in Sources */,
				5FA15DA02A176A21007A1AC6 /* AuthModel.swift in Sources */,
				5FBA269D2A1600D800E972FB /* CustomButtonXl.swift in Sources */,
				5FF58F372A24D647009AF970 /* UserManager.swift in Sources */,
				5FBA269B2A15375E00E972FB /* AuthScreenView.swift in Sources */,
				5FF546782A1B937A00208455 /* VCellMainScreenView.swift in Sources */,
				5FBA26982A1536A400E972FB /* CustomTextField.swift in Sources */,
				5FA15D982A175727007A1AC6 /* AuthScreenContract.swift in Sources */,
				5FF5466D2A1B573B00208455 /* MainScreenViewModelType.swift in Sources */,
				5FA15DA42A184BDC007A1AC6 /* OrderModel.swift in Sources */,
				5FA15DAC2A185305007A1AC6 /* DetailOrderViewModel.swift in Sources */,
				5FA15D9D2A175A91007A1AC6 /* AuthScreenViewModel.swift in Sources */,
			);
			runOnlyForDeploymentPostprocessing = 0;
		};
/* End PBXSourcesBuildPhase section */

/* Begin XCBuildConfiguration section */
		5FBA26782A14A08400E972FB /* Debug */ = {
			isa = XCBuildConfiguration;
			buildSettings = {
				ALWAYS_SEARCH_USER_PATHS = NO;
				CLANG_ANALYZER_NONNULL = YES;
				CLANG_ANALYZER_NUMBER_OBJECT_CONVERSION = YES_AGGRESSIVE;
				CLANG_CXX_LANGUAGE_STANDARD = "gnu++20";
				CLANG_ENABLE_MODULES = YES;
				CLANG_ENABLE_OBJC_ARC = YES;
				CLANG_ENABLE_OBJC_WEAK = YES;
				CLANG_WARN_BLOCK_CAPTURE_AUTORELEASING = YES;
				CLANG_WARN_BOOL_CONVERSION = YES;
				CLANG_WARN_COMMA = YES;
				CLANG_WARN_CONSTANT_CONVERSION = YES;
				CLANG_WARN_DEPRECATED_OBJC_IMPLEMENTATIONS = YES;
				CLANG_WARN_DIRECT_OBJC_ISA_USAGE = YES_ERROR;
				CLANG_WARN_DOCUMENTATION_COMMENTS = YES;
				CLANG_WARN_EMPTY_BODY = YES;
				CLANG_WARN_ENUM_CONVERSION = YES;
				CLANG_WARN_INFINITE_RECURSION = YES;
				CLANG_WARN_INT_CONVERSION = YES;
				CLANG_WARN_NON_LITERAL_NULL_CONVERSION = YES;
				CLANG_WARN_OBJC_IMPLICIT_RETAIN_SELF = YES;
				CLANG_WARN_OBJC_LITERAL_CONVERSION = YES;
				CLANG_WARN_OBJC_ROOT_CLASS = YES_ERROR;
				CLANG_WARN_QUOTED_INCLUDE_IN_FRAMEWORK_HEADER = YES;
				CLANG_WARN_RANGE_LOOP_ANALYSIS = YES;
				CLANG_WARN_STRICT_PROTOTYPES = YES;
				CLANG_WARN_SUSPICIOUS_MOVE = YES;
				CLANG_WARN_UNGUARDED_AVAILABILITY = YES_AGGRESSIVE;
				CLANG_WARN_UNREACHABLE_CODE = YES;
				CLANG_WARN__DUPLICATE_METHOD_MATCH = YES;
				COPY_PHASE_STRIP = NO;
				DEBUG_INFORMATION_FORMAT = dwarf;
				ENABLE_STRICT_OBJC_MSGSEND = YES;
				ENABLE_TESTABILITY = YES;
				GCC_C_LANGUAGE_STANDARD = gnu11;
				GCC_DYNAMIC_NO_PIC = NO;
				GCC_NO_COMMON_BLOCKS = YES;
				GCC_OPTIMIZATION_LEVEL = 0;
				GCC_PREPROCESSOR_DEFINITIONS = (
					"DEBUG=1",
					"$(inherited)",
				);
				GCC_WARN_64_TO_32_BIT_CONVERSION = YES;
				GCC_WARN_ABOUT_RETURN_TYPE = YES_ERROR;
				GCC_WARN_UNDECLARED_SELECTOR = YES;
				GCC_WARN_UNINITIALIZED_AUTOS = YES_AGGRESSIVE;
				GCC_WARN_UNUSED_FUNCTION = YES;
				GCC_WARN_UNUSED_VARIABLE = YES;
				IPHONEOS_DEPLOYMENT_TARGET = 16.0;
				MTL_ENABLE_DEBUG_INFO = INCLUDE_SOURCE;
				MTL_FAST_MATH = YES;
				ONLY_ACTIVE_ARCH = YES;
				SDKROOT = iphoneos;
				SWIFT_ACTIVE_COMPILATION_CONDITIONS = DEBUG;
				SWIFT_OPTIMIZATION_LEVEL = "-Onone";
			};
			name = Debug;
		};
		5FBA26792A14A08400E972FB /* Release */ = {
			isa = XCBuildConfiguration;
			buildSettings = {
				ALWAYS_SEARCH_USER_PATHS = NO;
				CLANG_ANALYZER_NONNULL = YES;
				CLANG_ANALYZER_NUMBER_OBJECT_CONVERSION = YES_AGGRESSIVE;
				CLANG_CXX_LANGUAGE_STANDARD = "gnu++20";
				CLANG_ENABLE_MODULES = YES;
				CLANG_ENABLE_OBJC_ARC = YES;
				CLANG_ENABLE_OBJC_WEAK = YES;
				CLANG_WARN_BLOCK_CAPTURE_AUTORELEASING = YES;
				CLANG_WARN_BOOL_CONVERSION = YES;
				CLANG_WARN_COMMA = YES;
				CLANG_WARN_CONSTANT_CONVERSION = YES;
				CLANG_WARN_DEPRECATED_OBJC_IMPLEMENTATIONS = YES;
				CLANG_WARN_DIRECT_OBJC_ISA_USAGE = YES_ERROR;
				CLANG_WARN_DOCUMENTATION_COMMENTS = YES;
				CLANG_WARN_EMPTY_BODY = YES;
				CLANG_WARN_ENUM_CONVERSION = YES;
				CLANG_WARN_INFINITE_RECURSION = YES;
				CLANG_WARN_INT_CONVERSION = YES;
				CLANG_WARN_NON_LITERAL_NULL_CONVERSION = YES;
				CLANG_WARN_OBJC_IMPLICIT_RETAIN_SELF = YES;
				CLANG_WARN_OBJC_LITERAL_CONVERSION = YES;
				CLANG_WARN_OBJC_ROOT_CLASS = YES_ERROR;
				CLANG_WARN_QUOTED_INCLUDE_IN_FRAMEWORK_HEADER = YES;
				CLANG_WARN_RANGE_LOOP_ANALYSIS = YES;
				CLANG_WARN_STRICT_PROTOTYPES = YES;
				CLANG_WARN_SUSPICIOUS_MOVE = YES;
				CLANG_WARN_UNGUARDED_AVAILABILITY = YES_AGGRESSIVE;
				CLANG_WARN_UNREACHABLE_CODE = YES;
				CLANG_WARN__DUPLICATE_METHOD_MATCH = YES;
				COPY_PHASE_STRIP = NO;
				DEBUG_INFORMATION_FORMAT = "dwarf-with-dsym";
				ENABLE_NS_ASSERTIONS = NO;
				ENABLE_STRICT_OBJC_MSGSEND = YES;
				GCC_C_LANGUAGE_STANDARD = gnu11;
				GCC_NO_COMMON_BLOCKS = YES;
				GCC_WARN_64_TO_32_BIT_CONVERSION = YES;
				GCC_WARN_ABOUT_RETURN_TYPE = YES_ERROR;
				GCC_WARN_UNDECLARED_SELECTOR = YES;
				GCC_WARN_UNINITIALIZED_AUTOS = YES_AGGRESSIVE;
				GCC_WARN_UNUSED_FUNCTION = YES;
				GCC_WARN_UNUSED_VARIABLE = YES;
				IPHONEOS_DEPLOYMENT_TARGET = 16.0;
				MTL_ENABLE_DEBUG_INFO = NO;
				MTL_FAST_MATH = YES;
				SDKROOT = iphoneos;
				SWIFT_COMPILATION_MODE = wholemodule;
				SWIFT_OPTIMIZATION_LEVEL = "-O";
				VALIDATE_PRODUCT = YES;
			};
			name = Release;
		};
		5FBA267B2A14A08400E972FB /* Debug */ = {
			isa = XCBuildConfiguration;
			baseConfigurationReference = 3A719D453A1FA8DDE0B5B4A0 /* Pods-MyPhotoApp.debug.xcconfig */;
			buildSettings = {
				ASSETCATALOG_COMPILER_APPICON_NAME = AppIcon;
				ASSETCATALOG_COMPILER_GLOBAL_ACCENT_COLOR_NAME = AccentColor;
				CODE_SIGN_ENTITLEMENTS = MyPhotoApp/MyPhotoApp.entitlements;
				CODE_SIGN_IDENTITY = "Apple Development";
				CODE_SIGN_STYLE = Automatic;
				CURRENT_PROJECT_VERSION = 1;
				DEVELOPMENT_ASSET_PATHS = "\"MyPhotoApp/Preview Content\"";
				DEVELOPMENT_TEAM = 6YR4NUJR8F;
				ENABLE_PREVIEWS = YES;
				GENERATE_INFOPLIST_FILE = YES;
				INFOPLIST_KEY_UIApplicationSceneManifest_Generation = YES;
				INFOPLIST_KEY_UIApplicationSupportsIndirectInputEvents = YES;
				INFOPLIST_KEY_UILaunchScreen_Generation = YES;
				INFOPLIST_KEY_UISupportedInterfaceOrientations_iPad = "UIInterfaceOrientationPortrait UIInterfaceOrientationPortraitUpsideDown UIInterfaceOrientationLandscapeLeft UIInterfaceOrientationLandscapeRight";
				INFOPLIST_KEY_UISupportedInterfaceOrientations_iPhone = "UIInterfaceOrientationPortrait UIInterfaceOrientationLandscapeLeft UIInterfaceOrientationLandscapeRight";
				IPHONEOS_DEPLOYMENT_TARGET = 16.0;
				LD_RUNPATH_SEARCH_PATHS = (
					"$(inherited)",
					"@executable_path/Frameworks",
				);
				MARKETING_VERSION = 1.0;
				PRODUCT_BUNDLE_IDENTIFIER = com.stepanoviosdev.takeaphoto;
				PRODUCT_NAME = "$(TARGET_NAME)";
				PROVISIONING_PROFILE_SPECIFIER = "";
				SWIFT_EMIT_LOC_STRINGS = YES;
				SWIFT_VERSION = 5.0;
				TARGETED_DEVICE_FAMILY = "1,2";
			};
			name = Debug;
		};
		5FBA267C2A14A08400E972FB /* Release */ = {
			isa = XCBuildConfiguration;
			baseConfigurationReference = C1C15D56D3D2F0C3BE72C55D /* Pods-MyPhotoApp.release.xcconfig */;
			buildSettings = {
				ASSETCATALOG_COMPILER_APPICON_NAME = AppIcon;
				ASSETCATALOG_COMPILER_GLOBAL_ACCENT_COLOR_NAME = AccentColor;
				CODE_SIGN_ENTITLEMENTS = MyPhotoApp/MyPhotoApp.entitlements;
				CODE_SIGN_IDENTITY = "Apple Development";
				CODE_SIGN_STYLE = Automatic;
				CURRENT_PROJECT_VERSION = 1;
				DEVELOPMENT_ASSET_PATHS = "\"MyPhotoApp/Preview Content\"";
				DEVELOPMENT_TEAM = 6YR4NUJR8F;
				ENABLE_PREVIEWS = YES;
				GENERATE_INFOPLIST_FILE = YES;
				INFOPLIST_KEY_UIApplicationSceneManifest_Generation = YES;
				INFOPLIST_KEY_UIApplicationSupportsIndirectInputEvents = YES;
				INFOPLIST_KEY_UILaunchScreen_Generation = YES;
				INFOPLIST_KEY_UISupportedInterfaceOrientations_iPad = "UIInterfaceOrientationPortrait UIInterfaceOrientationPortraitUpsideDown UIInterfaceOrientationLandscapeLeft UIInterfaceOrientationLandscapeRight";
				INFOPLIST_KEY_UISupportedInterfaceOrientations_iPhone = "UIInterfaceOrientationPortrait UIInterfaceOrientationLandscapeLeft UIInterfaceOrientationLandscapeRight";
				IPHONEOS_DEPLOYMENT_TARGET = 16.0;
				LD_RUNPATH_SEARCH_PATHS = (
					"$(inherited)",
					"@executable_path/Frameworks",
				);
				MARKETING_VERSION = 1.0;
				PRODUCT_BUNDLE_IDENTIFIER = com.stepanoviosdev.takeaphoto;
				PRODUCT_NAME = "$(TARGET_NAME)";
				PROVISIONING_PROFILE_SPECIFIER = "";
				SWIFT_EMIT_LOC_STRINGS = YES;
				SWIFT_VERSION = 5.0;
				TARGETED_DEVICE_FAMILY = "1,2";
			};
			name = Release;
		};
/* End XCBuildConfiguration section */

/* Begin XCConfigurationList section */
		5FBA26672A14A08200E972FB /* Build configuration list for PBXProject "MyPhotoApp" */ = {
			isa = XCConfigurationList;
			buildConfigurations = (
				5FBA26782A14A08400E972FB /* Debug */,
				5FBA26792A14A08400E972FB /* Release */,
			);
			defaultConfigurationIsVisible = 0;
			defaultConfigurationName = Release;
		};
		5FBA267A2A14A08400E972FB /* Build configuration list for PBXNativeTarget "MyPhotoApp" */ = {
			isa = XCConfigurationList;
			buildConfigurations = (
				5FBA267B2A14A08400E972FB /* Debug */,
				5FBA267C2A14A08400E972FB /* Release */,
			);
			defaultConfigurationIsVisible = 0;
			defaultConfigurationName = Release;
		};
/* End XCConfigurationList section */

/* Begin XCRemoteSwiftPackageReference section */
		5F96A6C62A1723B200FBCFF5 /* XCRemoteSwiftPackageReference "firebase-ios-sdk" */ = {
			isa = XCRemoteSwiftPackageReference;
			repositoryURL = "https://github.com/firebase/firebase-ios-sdk";
			requirement = {
				kind = upToNextMajorVersion;
				minimumVersion = 10.0.0;
			};
		};
		5FE461102A3D9E4B001CD607 /* XCRemoteSwiftPackageReference "SDWebImageSwiftUI" */ = {
			isa = XCRemoteSwiftPackageReference;
			repositoryURL = "https://github.com/SDWebImage/SDWebImageSwiftUI.git";
			requirement = {
				kind = upToNextMajorVersion;
				minimumVersion = 2.0.0;
			};
		};
/* End XCRemoteSwiftPackageReference section */

/* Begin XCSwiftPackageProductDependency section */
		5F96A6C72A1723B200FBCFF5 /* FirebaseAuth */ = {
			isa = XCSwiftPackageProductDependency;
			package = 5F96A6C62A1723B200FBCFF5 /* XCRemoteSwiftPackageReference "firebase-ios-sdk" */;
			productName = FirebaseAuth;
		};
		5FE461112A3D9E4B001CD607 /* SDWebImageSwiftUI */ = {
			isa = XCSwiftPackageProductDependency;
			package = 5FE461102A3D9E4B001CD607 /* XCRemoteSwiftPackageReference "SDWebImageSwiftUI" */;
			productName = SDWebImageSwiftUI;
		};
		5FF58F312A2497EF009AF970 /* FirebaseFirestore */ = {
			isa = XCSwiftPackageProductDependency;
			package = 5F96A6C62A1723B200FBCFF5 /* XCRemoteSwiftPackageReference "firebase-ios-sdk" */;
			productName = FirebaseFirestore;
		};
		5FF58F332A2497EF009AF970 /* FirebaseFirestoreSwift */ = {
			isa = XCSwiftPackageProductDependency;
			package = 5F96A6C62A1723B200FBCFF5 /* XCRemoteSwiftPackageReference "firebase-ios-sdk" */;
			productName = FirebaseFirestoreSwift;
		};
		5FF58F402A2A3370009AF970 /* FirebaseStorage */ = {
			isa = XCSwiftPackageProductDependency;
			package = 5F96A6C62A1723B200FBCFF5 /* XCRemoteSwiftPackageReference "firebase-ios-sdk" */;
			productName = FirebaseStorage;
		};
		5FF65ADB2A1F62D400F5142F /* FirebaseAnalytics */ = {
			isa = XCSwiftPackageProductDependency;
			package = 5F96A6C62A1723B200FBCFF5 /* XCRemoteSwiftPackageReference "firebase-ios-sdk" */;
			productName = FirebaseAnalytics;
		};
		5FF65ADD2A1F62D400F5142F /* FirebaseAnalyticsSwift */ = {
			isa = XCSwiftPackageProductDependency;
			package = 5F96A6C62A1723B200FBCFF5 /* XCRemoteSwiftPackageReference "firebase-ios-sdk" */;
			productName = FirebaseAnalyticsSwift;
		};
/* End XCSwiftPackageProductDependency section */
	};
	rootObject = 5FBA26642A14A08200E972FB /* Project object */;
}
