// !$*UTF8*$!
{
	archiveVersion = 1;
	classes = {
	};
	objectVersion = 56;
	objects = {

/* Begin PBXBuildFile section */
		0E4C2DFF84317C68256C19A7 /* Pods_MyPhotoApp.framework in Frameworks */ = {isa = PBXBuildFile; fileRef = 36CDCC9F143E459B2B9C1604 /* Pods_MyPhotoApp.framework */; };
		5FBA26702A14A08200E972FB /* MyPhotoAppApp.swift in Sources */ = {isa = PBXBuildFile; fileRef = 5FBA266F2A14A08200E972FB /* MyPhotoAppApp.swift */; };
		5FBA26742A14A08400E972FB /* Assets.xcassets in Resources */ = {isa = PBXBuildFile; fileRef = 5FBA26732A14A08400E972FB /* Assets.xcassets */; };
		5FBA26772A14A08400E972FB /* Preview Assets.xcassets in Resources */ = {isa = PBXBuildFile; fileRef = 5FBA26762A14A08400E972FB /* Preview Assets.xcassets */; };
		5FBA26812A14B88A00E972FB /* Localizable.strings in Resources */ = {isa = PBXBuildFile; fileRef = 5FBA26802A14B88A00E972FB /* Localizable.strings */; };
		5FBA268A2A14D21F00E972FB /* Colors.xcassets in Resources */ = {isa = PBXBuildFile; fileRef = 5FBA26892A14D21F00E972FB /* Colors.xcassets */; };
		5FBA26952A1502AF00E972FB /* R.generated.swift in Sources */ = {isa = PBXBuildFile; fileRef = 5FBA26942A1502AF00E972FB /* R.generated.swift */; };
		5FBA26982A1536A400E972FB /* MainTextFieldView.swift in Sources */ = {isa = PBXBuildFile; fileRef = 5FBA26972A1536A400E972FB /* MainTextFieldView.swift */; };
		5FBA269B2A15375E00E972FB /* LoginView.swift in Sources */ = {isa = PBXBuildFile; fileRef = 5FBA269A2A15375E00E972FB /* LoginView.swift */; };
/* End PBXBuildFile section */

/* Begin PBXFileReference section */
		36CDCC9F143E459B2B9C1604 /* Pods_MyPhotoApp.framework */ = {isa = PBXFileReference; explicitFileType = wrapper.framework; includeInIndex = 0; path = Pods_MyPhotoApp.framework; sourceTree = BUILT_PRODUCTS_DIR; };
		3A719D453A1FA8DDE0B5B4A0 /* Pods-MyPhotoApp.debug.xcconfig */ = {isa = PBXFileReference; includeInIndex = 1; lastKnownFileType = text.xcconfig; name = "Pods-MyPhotoApp.debug.xcconfig"; path = "Target Support Files/Pods-MyPhotoApp/Pods-MyPhotoApp.debug.xcconfig"; sourceTree = "<group>"; };
		5FBA266C2A14A08200E972FB /* MyPhotoApp.app */ = {isa = PBXFileReference; explicitFileType = wrapper.application; includeInIndex = 0; path = MyPhotoApp.app; sourceTree = BUILT_PRODUCTS_DIR; };
		5FBA266F2A14A08200E972FB /* MyPhotoAppApp.swift */ = {isa = PBXFileReference; lastKnownFileType = sourcecode.swift; path = MyPhotoAppApp.swift; sourceTree = "<group>"; };
		5FBA26732A14A08400E972FB /* Assets.xcassets */ = {isa = PBXFileReference; lastKnownFileType = folder.assetcatalog; path = Assets.xcassets; sourceTree = "<group>"; };
		5FBA26762A14A08400E972FB /* Preview Assets.xcassets */ = {isa = PBXFileReference; lastKnownFileType = folder.assetcatalog; path = "Preview Assets.xcassets"; sourceTree = "<group>"; };
		5FBA26802A14B88A00E972FB /* Localizable.strings */ = {isa = PBXFileReference; lastKnownFileType = text.plist.strings; path = Localizable.strings; sourceTree = "<group>"; };
		5FBA26892A14D21F00E972FB /* Colors.xcassets */ = {isa = PBXFileReference; lastKnownFileType = folder.assetcatalog; path = Colors.xcassets; sourceTree = "<group>"; };
		5FBA26942A1502AF00E972FB /* R.generated.swift */ = {isa = PBXFileReference; fileEncoding = 4; lastKnownFileType = sourcecode.swift; path = R.generated.swift; sourceTree = "<group>"; };
		5FBA26972A1536A400E972FB /* MainTextFieldView.swift */ = {isa = PBXFileReference; lastKnownFileType = sourcecode.swift; path = MainTextFieldView.swift; sourceTree = "<group>"; };
		5FBA269A2A15375E00E972FB /* LoginView.swift */ = {isa = PBXFileReference; lastKnownFileType = sourcecode.swift; path = LoginView.swift; sourceTree = "<group>"; };
		C1C15D56D3D2F0C3BE72C55D /* Pods-MyPhotoApp.release.xcconfig */ = {isa = PBXFileReference; includeInIndex = 1; lastKnownFileType = text.xcconfig; name = "Pods-MyPhotoApp.release.xcconfig"; path = "Target Support Files/Pods-MyPhotoApp/Pods-MyPhotoApp.release.xcconfig"; sourceTree = "<group>"; };
/* End PBXFileReference section */

/* Begin PBXFrameworksBuildPhase section */
		5FBA26692A14A08200E972FB /* Frameworks */ = {
			isa = PBXFrameworksBuildPhase;
			buildActionMask = 2147483647;
			files = (
				0E4C2DFF84317C68256C19A7 /* Pods_MyPhotoApp.framework in Frameworks */,
			);
			runOnlyForDeploymentPostprocessing = 0;
		};
/* End PBXFrameworksBuildPhase section */

/* Begin PBXGroup section */
		5FBA26632A14A08200E972FB = {
			isa = PBXGroup;
			children = (
				5FBA266E2A14A08200E972FB /* MyPhotoApp */,
				5FBA266D2A14A08200E972FB /* Products */,
				C282337F8450236C633B7DF3 /* Pods */,
				D768762854DA29471B6A235A /* Frameworks */,
			);
			sourceTree = "<group>";
		};
		5FBA266D2A14A08200E972FB /* Products */ = {
			isa = PBXGroup;
			children = (
				5FBA266C2A14A08200E972FB /* MyPhotoApp.app */,
			);
			name = Products;
			sourceTree = "<group>";
		};
		5FBA266E2A14A08200E972FB /* MyPhotoApp */ = {
			isa = PBXGroup;
			children = (
				5FBA26822A14CA9000E972FB /* Resources */,
				5FBA26832A14CAB000E972FB /* Sources */,
				5FBA266F2A14A08200E972FB /* MyPhotoAppApp.swift */,
				5FBA26752A14A08400E972FB /* Preview Content */,
			);
			path = MyPhotoApp;
			sourceTree = "<group>";
		};
		5FBA26752A14A08400E972FB /* Preview Content */ = {
			isa = PBXGroup;
			children = (
				5FBA26762A14A08400E972FB /* Preview Assets.xcassets */,
			);
			path = "Preview Content";
			sourceTree = "<group>";
		};
		5FBA26822A14CA9000E972FB /* Resources */ = {
			isa = PBXGroup;
			children = (
				5FBA26862A14CCC900E972FB /* Assets */,
				5FBA26852A14CCAE00E972FB /* Localizations */,
				5FBA26842A14CAC400E972FB /* Rswift */,
			);
			path = Resources;
			sourceTree = "<group>";
		};
		5FBA26832A14CAB000E972FB /* Sources */ = {
			isa = PBXGroup;
			children = (
				5FBA26992A15370A00E972FB /* LoginUserStory */,
				5FBA26962A15367900E972FB /* Common */,
			);
			path = Sources;
			sourceTree = "<group>";
		};
		5FBA26842A14CAC400E972FB /* Rswift */ = {
			isa = PBXGroup;
			children = (
				5FBA26942A1502AF00E972FB /* R.generated.swift */,
			);
			path = Rswift;
			sourceTree = "<group>";
		};
		5FBA26852A14CCAE00E972FB /* Localizations */ = {
			isa = PBXGroup;
			children = (
				5FBA26802A14B88A00E972FB /* Localizable.strings */,
			);
			path = Localizations;
			sourceTree = "<group>";
		};
		5FBA26862A14CCC900E972FB /* Assets */ = {
			isa = PBXGroup;
			children = (
				5FBA26732A14A08400E972FB /* Assets.xcassets */,
				5FBA26892A14D21F00E972FB /* Colors.xcassets */,
			);
			path = Assets;
			sourceTree = "<group>";
		};
		5FBA26962A15367900E972FB /* Common */ = {
			isa = PBXGroup;
			children = (
				5FBA26972A1536A400E972FB /* MainTextFieldView.swift */,
			);
			path = Common;
			sourceTree = "<group>";
		};
		5FBA26992A15370A00E972FB /* LoginUserStory */ = {
			isa = PBXGroup;
			children = (
				5FBA269A2A15375E00E972FB /* LoginView.swift */,
			);
			path = LoginUserStory;
			sourceTree = "<group>";
		};
		C282337F8450236C633B7DF3 /* Pods */ = {
			isa = PBXGroup;
			children = (
				3A719D453A1FA8DDE0B5B4A0 /* Pods-MyPhotoApp.debug.xcconfig */,
				C1C15D56D3D2F0C3BE72C55D /* Pods-MyPhotoApp.release.xcconfig */,
			);
			path = Pods;
			sourceTree = "<group>";
		};
		D768762854DA29471B6A235A /* Frameworks */ = {
			isa = PBXGroup;
			children = (
				36CDCC9F143E459B2B9C1604 /* Pods_MyPhotoApp.framework */,
			);
			name = Frameworks;
			sourceTree = "<group>";
		};
/* End PBXGroup section */

/* Begin PBXNativeTarget section */
		5FBA266B2A14A08200E972FB /* MyPhotoApp */ = {
			isa = PBXNativeTarget;
			buildConfigurationList = 5FBA267A2A14A08400E972FB /* Build configuration list for PBXNativeTarget "MyPhotoApp" */;
			buildPhases = (
				F3D30A8A7E8AADF1F81BC003 /* [CP] Check Pods Manifest.lock */,
				5FBA267D2A14B6C900E972FB /* ShellScript */,
				5FBA26682A14A08200E972FB /* Sources */,
				5FBA26692A14A08200E972FB /* Frameworks */,
				5FBA266A2A14A08200E972FB /* Resources */,
				B53F957D33277325CFFCE9A5 /* [CP] Embed Pods Frameworks */,
			);
			buildRules = (
			);
			dependencies = (
			);
			name = MyPhotoApp;
			productName = MyPhotoApp;
			productReference = 5FBA266C2A14A08200E972FB /* MyPhotoApp.app */;
			productType = "com.apple.product-type.application";
		};
/* End PBXNativeTarget section */

/* Begin PBXProject section */
		5FBA26642A14A08200E972FB /* Project object */ = {
			isa = PBXProject;
			attributes = {
				BuildIndependentTargetsInParallel = 1;
				LastSwiftUpdateCheck = 1430;
				LastUpgradeCheck = 1430;
				TargetAttributes = {
					5FBA266B2A14A08200E972FB = {
						CreatedOnToolsVersion = 14.3;
					};
				};
			};
			buildConfigurationList = 5FBA26672A14A08200E972FB /* Build configuration list for PBXProject "MyPhotoApp" */;
			compatibilityVersion = "Xcode 14.0";
			developmentRegion = en;
			hasScannedForEncodings = 0;
			knownRegions = (
				en,
				Base,
			);
			mainGroup = 5FBA26632A14A08200E972FB;
			productRefGroup = 5FBA266D2A14A08200E972FB /* Products */;
			projectDirPath = "";
			projectRoot = "";
			targets = (
				5FBA266B2A14A08200E972FB /* MyPhotoApp */,
			);
		};
/* End PBXProject section */

/* Begin PBXResourcesBuildPhase section */
		5FBA266A2A14A08200E972FB /* Resources */ = {
			isa = PBXResourcesBuildPhase;
			buildActionMask = 2147483647;
			files = (
				5FBA26772A14A08400E972FB /* Preview Assets.xcassets in Resources */,
				5FBA268A2A14D21F00E972FB /* Colors.xcassets in Resources */,
				5FBA26812A14B88A00E972FB /* Localizable.strings in Resources */,
				5FBA26742A14A08400E972FB /* Assets.xcassets in Resources */,
			);
			runOnlyForDeploymentPostprocessing = 0;
		};
/* End PBXResourcesBuildPhase section */

/* Begin PBXShellScriptBuildPhase section */
		5FBA267D2A14B6C900E972FB /* ShellScript */ = {
			isa = PBXShellScriptBuildPhase;
			alwaysOutOfDate = 1;
			buildActionMask = 2147483647;
			files = (
			);
			inputFileListPaths = (
			);
			inputPaths = (
			);
			outputFileListPaths = (
			);
			outputPaths = (
				$SRCROOT/R.generated.swift,
				$SRCROOT/MyPhotoApp/Resources/Rswift/R.generated.swift,
			);
			runOnlyForDeploymentPostprocessing = 0;
			shellPath = /bin/sh;
			shellScript = "\"$PODS_ROOT/R.swift/rswift\" generate \"$SRCROOT/MyPhotoApp/Resources/Rswift/R.generated.swift\"\n";
		};
		B53F957D33277325CFFCE9A5 /* [CP] Embed Pods Frameworks */ = {
			isa = PBXShellScriptBuildPhase;
			buildActionMask = 2147483647;
			files = (
			);
			inputFileListPaths = (
				"${PODS_ROOT}/Target Support Files/Pods-MyPhotoApp/Pods-MyPhotoApp-frameworks-${CONFIGURATION}-input-files.xcfilelist",
			);
			name = "[CP] Embed Pods Frameworks";
			outputFileListPaths = (
				"${PODS_ROOT}/Target Support Files/Pods-MyPhotoApp/Pods-MyPhotoApp-frameworks-${CONFIGURATION}-output-files.xcfilelist",
			);
			runOnlyForDeploymentPostprocessing = 0;
			shellPath = /bin/sh;
			shellScript = "\"${PODS_ROOT}/Target Support Files/Pods-MyPhotoApp/Pods-MyPhotoApp-frameworks.sh\"\n";
			showEnvVarsInLog = 0;
		};
		F3D30A8A7E8AADF1F81BC003 /* [CP] Check Pods Manifest.lock */ = {
			isa = PBXShellScriptBuildPhase;
			buildActionMask = 2147483647;
			files = (
			);
			inputFileListPaths = (
			);
			inputPaths = (
				"${PODS_PODFILE_DIR_PATH}/Podfile.lock",
				"${PODS_ROOT}/Manifest.lock",
			);
			name = "[CP] Check Pods Manifest.lock";
			outputFileListPaths = (
			);
			outputPaths = (
				"$(DERIVED_FILE_DIR)/Pods-MyPhotoApp-checkManifestLockResult.txt",
			);
			runOnlyForDeploymentPostprocessing = 0;
			shellPath = /bin/sh;
			shellScript = "diff \"${PODS_PODFILE_DIR_PATH}/Podfile.lock\" \"${PODS_ROOT}/Manifest.lock\" > /dev/null\nif [ $? != 0 ] ; then\n    # print error to STDERR\n    echo \"error: The sandbox is not in sync with the Podfile.lock. Run 'pod install' or update your CocoaPods installation.\" >&2\n    exit 1\nfi\n# This output is used by Xcode 'outputs' to avoid re-running this script phase.\necho \"SUCCESS\" > \"${SCRIPT_OUTPUT_FILE_0}\"\n";
			showEnvVarsInLog = 0;
		};
/* End PBXShellScriptBuildPhase section */

/* Begin PBXSourcesBuildPhase section */
		5FBA26682A14A08200E972FB /* Sources */ = {
			isa = PBXSourcesBuildPhase;
			buildActionMask = 2147483647;
			files = (
				5FBA26702A14A08200E972FB /* MyPhotoAppApp.swift in Sources */,
				5FBA26952A1502AF00E972FB /* R.generated.swift in Sources */,
				5FBA269B2A15375E00E972FB /* LoginView.swift in Sources */,
				5FBA26982A1536A400E972FB /* MainTextFieldView.swift in Sources */,
			);
			runOnlyForDeploymentPostprocessing = 0;
		};
/* End PBXSourcesBuildPhase section */

/* Begin XCBuildConfiguration section */
		5FBA26782A14A08400E972FB /* Debug */ = {
			isa = XCBuildConfiguration;
			buildSettings = {
				ALWAYS_SEARCH_USER_PATHS = NO;
				CLANG_ANALYZER_NONNULL = YES;
				CLANG_ANALYZER_NUMBER_OBJECT_CONVERSION = YES_AGGRESSIVE;
				CLANG_CXX_LANGUAGE_STANDARD = "gnu++20";
				CLANG_ENABLE_MODULES = YES;
				CLANG_ENABLE_OBJC_ARC = YES;
				CLANG_ENABLE_OBJC_WEAK = YES;
				CLANG_WARN_BLOCK_CAPTURE_AUTORELEASING = YES;
				CLANG_WARN_BOOL_CONVERSION = YES;
				CLANG_WARN_COMMA = YES;
				CLANG_WARN_CONSTANT_CONVERSION = YES;
				CLANG_WARN_DEPRECATED_OBJC_IMPLEMENTATIONS = YES;
				CLANG_WARN_DIRECT_OBJC_ISA_USAGE = YES_ERROR;
				CLANG_WARN_DOCUMENTATION_COMMENTS = YES;
				CLANG_WARN_EMPTY_BODY = YES;
				CLANG_WARN_ENUM_CONVERSION = YES;
				CLANG_WARN_INFINITE_RECURSION = YES;
				CLANG_WARN_INT_CONVERSION = YES;
				CLANG_WARN_NON_LITERAL_NULL_CONVERSION = YES;
				CLANG_WARN_OBJC_IMPLICIT_RETAIN_SELF = YES;
				CLANG_WARN_OBJC_LITERAL_CONVERSION = YES;
				CLANG_WARN_OBJC_ROOT_CLASS = YES_ERROR;
				CLANG_WARN_QUOTED_INCLUDE_IN_FRAMEWORK_HEADER = YES;
				CLANG_WARN_RANGE_LOOP_ANALYSIS = YES;
				CLANG_WARN_STRICT_PROTOTYPES = YES;
				CLANG_WARN_SUSPICIOUS_MOVE = YES;
				CLANG_WARN_UNGUARDED_AVAILABILITY = YES_AGGRESSIVE;
				CLANG_WARN_UNREACHABLE_CODE = YES;
				CLANG_WARN__DUPLICATE_METHOD_MATCH = YES;
				COPY_PHASE_STRIP = NO;
				DEBUG_INFORMATION_FORMAT = dwarf;
				ENABLE_STRICT_OBJC_MSGSEND = YES;
				ENABLE_TESTABILITY = YES;
				GCC_C_LANGUAGE_STANDARD = gnu11;
				GCC_DYNAMIC_NO_PIC = NO;
				GCC_NO_COMMON_BLOCKS = YES;
				GCC_OPTIMIZATION_LEVEL = 0;
				GCC_PREPROCESSOR_DEFINITIONS = (
					"DEBUG=1",
					"$(inherited)",
				);
				GCC_WARN_64_TO_32_BIT_CONVERSION = YES;
				GCC_WARN_ABOUT_RETURN_TYPE = YES_ERROR;
				GCC_WARN_UNDECLARED_SELECTOR = YES;
				GCC_WARN_UNINITIALIZED_AUTOS = YES_AGGRESSIVE;
				GCC_WARN_UNUSED_FUNCTION = YES;
				GCC_WARN_UNUSED_VARIABLE = YES;
				IPHONEOS_DEPLOYMENT_TARGET = 15.0;
				MTL_ENABLE_DEBUG_INFO = INCLUDE_SOURCE;
				MTL_FAST_MATH = YES;
				ONLY_ACTIVE_ARCH = YES;
				SDKROOT = iphoneos;
				SWIFT_ACTIVE_COMPILATION_CONDITIONS = DEBUG;
				SWIFT_OPTIMIZATION_LEVEL = "-Onone";
			};
			name = Debug;
		};
		5FBA26792A14A08400E972FB /* Release */ = {
			isa = XCBuildConfiguration;
			buildSettings = {
				ALWAYS_SEARCH_USER_PATHS = NO;
				CLANG_ANALYZER_NONNULL = YES;
				CLANG_ANALYZER_NUMBER_OBJECT_CONVERSION = YES_AGGRESSIVE;
				CLANG_CXX_LANGUAGE_STANDARD = "gnu++20";
				CLANG_ENABLE_MODULES = YES;
				CLANG_ENABLE_OBJC_ARC = YES;
				CLANG_ENABLE_OBJC_WEAK = YES;
				CLANG_WARN_BLOCK_CAPTURE_AUTORELEASING = YES;
				CLANG_WARN_BOOL_CONVERSION = YES;
				CLANG_WARN_COMMA = YES;
				CLANG_WARN_CONSTANT_CONVERSION = YES;
				CLANG_WARN_DEPRECATED_OBJC_IMPLEMENTATIONS = YES;
				CLANG_WARN_DIRECT_OBJC_ISA_USAGE = YES_ERROR;
				CLANG_WARN_DOCUMENTATION_COMMENTS = YES;
				CLANG_WARN_EMPTY_BODY = YES;
				CLANG_WARN_ENUM_CONVERSION = YES;
				CLANG_WARN_INFINITE_RECURSION = YES;
				CLANG_WARN_INT_CONVERSION = YES;
				CLANG_WARN_NON_LITERAL_NULL_CONVERSION = YES;
				CLANG_WARN_OBJC_IMPLICIT_RETAIN_SELF = YES;
				CLANG_WARN_OBJC_LITERAL_CONVERSION = YES;
				CLANG_WARN_OBJC_ROOT_CLASS = YES_ERROR;
				CLANG_WARN_QUOTED_INCLUDE_IN_FRAMEWORK_HEADER = YES;
				CLANG_WARN_RANGE_LOOP_ANALYSIS = YES;
				CLANG_WARN_STRICT_PROTOTYPES = YES;
				CLANG_WARN_SUSPICIOUS_MOVE = YES;
				CLANG_WARN_UNGUARDED_AVAILABILITY = YES_AGGRESSIVE;
				CLANG_WARN_UNREACHABLE_CODE = YES;
				CLANG_WARN__DUPLICATE_METHOD_MATCH = YES;
				COPY_PHASE_STRIP = NO;
				DEBUG_INFORMATION_FORMAT = "dwarf-with-dsym";
				ENABLE_NS_ASSERTIONS = NO;
				ENABLE_STRICT_OBJC_MSGSEND = YES;
				GCC_C_LANGUAGE_STANDARD = gnu11;
				GCC_NO_COMMON_BLOCKS = YES;
				GCC_WARN_64_TO_32_BIT_CONVERSION = YES;
				GCC_WARN_ABOUT_RETURN_TYPE = YES_ERROR;
				GCC_WARN_UNDECLARED_SELECTOR = YES;
				GCC_WARN_UNINITIALIZED_AUTOS = YES_AGGRESSIVE;
				GCC_WARN_UNUSED_FUNCTION = YES;
				GCC_WARN_UNUSED_VARIABLE = YES;
				IPHONEOS_DEPLOYMENT_TARGET = 15.0;
				MTL_ENABLE_DEBUG_INFO = NO;
				MTL_FAST_MATH = YES;
				SDKROOT = iphoneos;
				SWIFT_COMPILATION_MODE = wholemodule;
				SWIFT_OPTIMIZATION_LEVEL = "-O";
				VALIDATE_PRODUCT = YES;
			};
			name = Release;
		};
		5FBA267B2A14A08400E972FB /* Debug */ = {
			isa = XCBuildConfiguration;
			baseConfigurationReference = 3A719D453A1FA8DDE0B5B4A0 /* Pods-MyPhotoApp.debug.xcconfig */;
			buildSettings = {
				ASSETCATALOG_COMPILER_APPICON_NAME = AppIcon;
				ASSETCATALOG_COMPILER_GLOBAL_ACCENT_COLOR_NAME = AccentColor;
				CODE_SIGN_STYLE = Automatic;
				CURRENT_PROJECT_VERSION = 1;
				DEVELOPMENT_ASSET_PATHS = "\"MyPhotoApp/Preview Content\"";
				ENABLE_PREVIEWS = YES;
				GENERATE_INFOPLIST_FILE = YES;
				INFOPLIST_KEY_UIApplicationSceneManifest_Generation = YES;
				INFOPLIST_KEY_UIApplicationSupportsIndirectInputEvents = YES;
				INFOPLIST_KEY_UILaunchScreen_Generation = YES;
				INFOPLIST_KEY_UISupportedInterfaceOrientations_iPad = "UIInterfaceOrientationPortrait UIInterfaceOrientationPortraitUpsideDown UIInterfaceOrientationLandscapeLeft UIInterfaceOrientationLandscapeRight";
				INFOPLIST_KEY_UISupportedInterfaceOrientations_iPhone = "UIInterfaceOrientationPortrait UIInterfaceOrientationLandscapeLeft UIInterfaceOrientationLandscapeRight";
				IPHONEOS_DEPLOYMENT_TARGET = 15.0;
				LD_RUNPATH_SEARCH_PATHS = (
					"$(inherited)",
					"@executable_path/Frameworks",
				);
				MARKETING_VERSION = 1.0;
				PRODUCT_BUNDLE_IDENTIFIER = Home.MyPhotoApp;
				PRODUCT_NAME = "$(TARGET_NAME)";
				SWIFT_EMIT_LOC_STRINGS = YES;
				SWIFT_VERSION = 5.0;
				TARGETED_DEVICE_FAMILY = "1,2";
			};
			name = Debug;
		};
		5FBA267C2A14A08400E972FB /* Release */ = {
			isa = XCBuildConfiguration;
			baseConfigurationReference = C1C15D56D3D2F0C3BE72C55D /* Pods-MyPhotoApp.release.xcconfig */;
			buildSettings = {
				ASSETCATALOG_COMPILER_APPICON_NAME = AppIcon;
				ASSETCATALOG_COMPILER_GLOBAL_ACCENT_COLOR_NAME = AccentColor;
				CODE_SIGN_STYLE = Automatic;
				CURRENT_PROJECT_VERSION = 1;
				DEVELOPMENT_ASSET_PATHS = "\"MyPhotoApp/Preview Content\"";
				ENABLE_PREVIEWS = YES;
				GENERATE_INFOPLIST_FILE = YES;
				INFOPLIST_KEY_UIApplicationSceneManifest_Generation = YES;
				INFOPLIST_KEY_UIApplicationSupportsIndirectInputEvents = YES;
				INFOPLIST_KEY_UILaunchScreen_Generation = YES;
				INFOPLIST_KEY_UISupportedInterfaceOrientations_iPad = "UIInterfaceOrientationPortrait UIInterfaceOrientationPortraitUpsideDown UIInterfaceOrientationLandscapeLeft UIInterfaceOrientationLandscapeRight";
				INFOPLIST_KEY_UISupportedInterfaceOrientations_iPhone = "UIInterfaceOrientationPortrait UIInterfaceOrientationLandscapeLeft UIInterfaceOrientationLandscapeRight";
				IPHONEOS_DEPLOYMENT_TARGET = 15.0;
				LD_RUNPATH_SEARCH_PATHS = (
					"$(inherited)",
					"@executable_path/Frameworks",
				);
				MARKETING_VERSION = 1.0;
				PRODUCT_BUNDLE_IDENTIFIER = Home.MyPhotoApp;
				PRODUCT_NAME = "$(TARGET_NAME)";
				SWIFT_EMIT_LOC_STRINGS = YES;
				SWIFT_VERSION = 5.0;
				TARGETED_DEVICE_FAMILY = "1,2";
			};
			name = Release;
		};
/* End XCBuildConfiguration section */

/* Begin XCConfigurationList section */
		5FBA26672A14A08200E972FB /* Build configuration list for PBXProject "MyPhotoApp" */ = {
			isa = XCConfigurationList;
			buildConfigurations = (
				5FBA26782A14A08400E972FB /* Debug */,
				5FBA26792A14A08400E972FB /* Release */,
			);
			defaultConfigurationIsVisible = 0;
			defaultConfigurationName = Release;
		};
		5FBA267A2A14A08400E972FB /* Build configuration list for PBXNativeTarget "MyPhotoApp" */ = {
			isa = XCConfigurationList;
			buildConfigurations = (
				5FBA267B2A14A08400E972FB /* Debug */,
				5FBA267C2A14A08400E972FB /* Release */,
			);
			defaultConfigurationIsVisible = 0;
			defaultConfigurationName = Release;
		};
/* End XCConfigurationList section */
	};
	rootObject = 5FBA26642A14A08200E972FB /* Project object */;
}
