// !$*UTF8*$!
{
	archiveVersion = 1;
	classes = {
	};
	objectVersion = 56;
	objects = {

/* Begin PBXBuildFile section */
		0E4C2DFF84317C68256C19A7 /* Pods_MyPhotoApp.framework in Frameworks */ = {isa = PBXBuildFile; fileRef = 36CDCC9F143E459B2B9C1604 /* Pods_MyPhotoApp.framework */; };
		5F0F8D802A31C39E00AF4EED /* AuthorAddOrderViewModelType.swift in Sources */ = {isa = PBXBuildFile; fileRef = 5F0F8D7F2A31C39E00AF4EED /* AuthorAddOrderViewModelType.swift */; };
		5F0F8D822A31C3C100AF4EED /* AuthorAddOrderViewModel.swift in Sources */ = {isa = PBXBuildFile; fileRef = 5F0F8D812A31C3C100AF4EED /* AuthorAddOrderViewModel.swift */; };
		5F0F8D842A31E22A00AF4EED /* DBUserModel.swift in Sources */ = {isa = PBXBuildFile; fileRef = 5F0F8D832A31E22A00AF4EED /* DBUserModel.swift */; };
		5F0F8D862A31E28B00AF4EED /* DbOrderModel.swift in Sources */ = {isa = PBXBuildFile; fileRef = 5F0F8D852A31E28B00AF4EED /* DbOrderModel.swift */; };
		5F1BCA9B2AB006BA00223146 /* PortfolioView.swift in Sources */ = {isa = PBXBuildFile; fileRef = 5F1BCA9A2AB006BA00223146 /* PortfolioView.swift */; };
		5F1BCA9D2AB1C63300223146 /* PortfolioEditViewModel.swift in Sources */ = {isa = PBXBuildFile; fileRef = 5F1BCA9C2AB1C63300223146 /* PortfolioEditViewModel.swift */; };
		5F1BCA9F2AB1C64E00223146 /* PortfolioEditViewModelType.swift in Sources */ = {isa = PBXBuildFile; fileRef = 5F1BCA9E2AB1C64E00223146 /* PortfolioEditViewModelType.swift */; };
		5F1BCAA32ABADBBE00223146 /* CustomerSearchBar.swift in Sources */ = {isa = PBXBuildFile; fileRef = 5F1BCAA22ABADBBE00223146 /* CustomerSearchBar.swift */; };
		5F214E082A9744FF0014AD9B /* CustomerPageHubView.swift in Sources */ = {isa = PBXBuildFile; fileRef = 5F214E072A9744FF0014AD9B /* CustomerPageHubView.swift */; };
		5F214E0E2A997DFD0014AD9B /* CustomerDetailScreenViewModelType.swift in Sources */ = {isa = PBXBuildFile; fileRef = 5F214E0D2A997DFD0014AD9B /* CustomerDetailScreenViewModelType.swift */; };
		5F214E102A997EBE0014AD9B /* CustomerDetailScreenViewModel.swift in Sources */ = {isa = PBXBuildFile; fileRef = 5F214E0F2A997EBE0014AD9B /* CustomerDetailScreenViewModel.swift */; };
		5F2711892A488FAB00679028 /* WeatherModel.swift in Sources */ = {isa = PBXBuildFile; fileRef = 5F2711882A488FAA00679028 /* WeatherModel.swift */; };
		5F27118C2A4934AD00679028 /* WeatherManager.swift in Sources */ = {isa = PBXBuildFile; fileRef = 5F27118B2A4934AD00679028 /* WeatherManager.swift */; };
		5F27118F2A4AB7BD00679028 /* Constants.swift in Sources */ = {isa = PBXBuildFile; fileRef = 5F27118E2A4AB7BD00679028 /* Constants.swift */; };
		5F3909632A8F5FD5006E539A /* CustomerMainScreenViewModelType.swift in Sources */ = {isa = PBXBuildFile; fileRef = 5F3909622A8F5FD5006E539A /* CustomerMainScreenViewModelType.swift */; };
		5F3909652A8F6D1C006E539A /* DBPortfolioModel.swift in Sources */ = {isa = PBXBuildFile; fileRef = 5F3909642A8F6D1C006E539A /* DBPortfolioModel.swift */; };
		5F4A1B2F2A9B151200EC67B2 /* FlexibleView.swift in Sources */ = {isa = PBXBuildFile; fileRef = 5F4A1B2E2A9B151200EC67B2 /* FlexibleView.swift */; };
		5F4A1B312A9B153100EC67B2 /* _FlexibleView.swift in Sources */ = {isa = PBXBuildFile; fileRef = 5F4A1B302A9B153100EC67B2 /* _FlexibleView.swift */; };
		5F4A1B332A9B154F00EC67B2 /* SizeReader.swift in Sources */ = {isa = PBXBuildFile; fileRef = 5F4A1B322A9B154F00EC67B2 /* SizeReader.swift */; };
		5F4A1B392A9C591B00EC67B2 /* CustomerConfirmOrderViewModelType.swift in Sources */ = {isa = PBXBuildFile; fileRef = 5F4A1B382A9C591B00EC67B2 /* CustomerConfirmOrderViewModelType.swift */; };
		5F4A1B3B2A9C593300EC67B2 /* CustomerConfirmOrderViewModel.swift in Sources */ = {isa = PBXBuildFile; fileRef = 5F4A1B3A2A9C593300EC67B2 /* CustomerConfirmOrderViewModel.swift */; };
		5F4A1B3D2A9C59C900EC67B2 /* CustomerConfirmOrderView.swift in Sources */ = {isa = PBXBuildFile; fileRef = 5F4A1B3C2A9C59C900EC67B2 /* CustomerConfirmOrderView.swift */; };
		5F4A1B402A9EF21F00EC67B2 /* SearchLocationManaget.swift in Sources */ = {isa = PBXBuildFile; fileRef = 5F4A1B3F2A9EF21F00EC67B2 /* SearchLocationManaget.swift */; };
		5F4A1B422A9EF73F00EC67B2 /* SearchLocationView.swift in Sources */ = {isa = PBXBuildFile; fileRef = 5F4A1B412A9EF73F00EC67B2 /* SearchLocationView.swift */; };
		5F4A1B492AA086CA00EC67B2 /* PortfolioViewModelType.swift in Sources */ = {isa = PBXBuildFile; fileRef = 5F4A1B482AA086CA00EC67B2 /* PortfolioViewModelType.swift */; };
		5F6B896A2AD2A26B00A18CC3 /* DbCustomerOrdersModel.swift in Sources */ = {isa = PBXBuildFile; fileRef = 5F6B89692AD2A26B00A18CC3 /* DbCustomerOrdersModel.swift */; };
		5F96A6C82A1723B200FBCFF5 /* FirebaseAuth in Frameworks */ = {isa = PBXBuildFile; productRef = 5F96A6C72A1723B200FBCFF5 /* FirebaseAuth */; };
		5F96A6CF2A17260900FBCFF5 /* AuthNetworkService.swift in Sources */ = {isa = PBXBuildFile; fileRef = 5F96A6CE2A17260900FBCFF5 /* AuthNetworkService.swift */; };
		5F9F323A2A9373D0004D48B7 /* CustomerDetailScreenView.swift in Sources */ = {isa = PBXBuildFile; fileRef = 5F9F32392A9373D0004D48B7 /* CustomerDetailScreenView.swift */; };
		5F9F323C2A93744E004D48B7 /* CustomerMainScreenViewModel.swift in Sources */ = {isa = PBXBuildFile; fileRef = 5F9F323B2A93744E004D48B7 /* CustomerMainScreenViewModel.swift */; };
		5F9F32422A947765004D48B7 /* StickyHeader.swift in Sources */ = {isa = PBXBuildFile; fileRef = 5F9F32412A947765004D48B7 /* StickyHeader.swift */; };
		5F9F32442A94C894004D48B7 /* AuthorPortfolioModel.swift in Sources */ = {isa = PBXBuildFile; fileRef = 5F9F32432A94C894004D48B7 /* AuthorPortfolioModel.swift */; };
		5F9F32462A96006D004D48B7 /* CountryCodesView.swift in Sources */ = {isa = PBXBuildFile; fileRef = 5F9F32452A96006D004D48B7 /* CountryCodesView.swift */; };
		5F9F32482A96F065004D48B7 /* AuthorCustomTabs.swift in Sources */ = {isa = PBXBuildFile; fileRef = 5F9F32472A96F065004D48B7 /* AuthorCustomTabs.swift */; };
		5F9F324B2A973604004D48B7 /* CustomerCustomTabs.swift in Sources */ = {isa = PBXBuildFile; fileRef = 5F9F324A2A973604004D48B7 /* CustomerCustomTabs.swift */; };
		5FA0EB712A73A6D70024AB71 /* Localizable.strings in Resources */ = {isa = PBXBuildFile; fileRef = 5FA0EB732A73A6D70024AB71 /* Localizable.strings */; };
		5FA0EB762A7952200024AB71 /* SettingScreenViewModel.swift in Sources */ = {isa = PBXBuildFile; fileRef = 5FA0EB752A7952200024AB71 /* SettingScreenViewModel.swift */; };
		5FA0EB782A79523E0024AB71 /* SettingScreenViewModelType.swift in Sources */ = {isa = PBXBuildFile; fileRef = 5FA0EB772A79523E0024AB71 /* SettingScreenViewModelType.swift */; };
		5FA15D982A175727007A1AC6 /* AuthenticationScreenContract.swift in Sources */ = {isa = PBXBuildFile; fileRef = 5FA15D972A175727007A1AC6 /* AuthenticationScreenContract.swift */; };
		5FA15D9D2A175A91007A1AC6 /* AuthenticationScreenViewModel.swift in Sources */ = {isa = PBXBuildFile; fileRef = 5FA15D9C2A175A91007A1AC6 /* AuthenticationScreenViewModel.swift */; };
		5FA15DA02A176A21007A1AC6 /* UserDataModel.swift in Sources */ = {isa = PBXBuildFile; fileRef = 5FA15D9F2A176A21007A1AC6 /* UserDataModel.swift */; };
		5FA15DA42A184BDC007A1AC6 /* AuthorOrderModel.swift in Sources */ = {isa = PBXBuildFile; fileRef = 5FA15DA32A184BDC007A1AC6 /* AuthorOrderModel.swift */; };
		5FA15DAA2A1851E8007A1AC6 /* DetailOrderViewModelType.swift in Sources */ = {isa = PBXBuildFile; fileRef = 5FA15DA92A1851E8007A1AC6 /* DetailOrderViewModelType.swift */; };
		5FA15DAC2A185305007A1AC6 /* DetailOrderViewModel.swift in Sources */ = {isa = PBXBuildFile; fileRef = 5FA15DAB2A185305007A1AC6 /* DetailOrderViewModel.swift */; };
		5FA15DAE2A186BED007A1AC6 /* DetailOrderView.swift in Sources */ = {isa = PBXBuildFile; fileRef = 5FA15DAD2A186BED007A1AC6 /* DetailOrderView.swift */; };
		5FA3C3482A5BDC23003EA4F8 /* AuthorHubPageView.swift in Sources */ = {isa = PBXBuildFile; fileRef = 5FA3C3472A5BDC23003EA4F8 /* AuthorHubPageView.swift */; };
		5FA767E42A69762900861F7D /* PortfolioEditView.swift in Sources */ = {isa = PBXBuildFile; fileRef = 5FA767E32A69762900861F7D /* PortfolioEditView.swift */; };
		5FA767E72A6BE67E00861F7D /* GoogleMobileAds in Frameworks */ = {isa = PBXBuildFile; productRef = 5FA767E62A6BE67E00861F7D /* GoogleMobileAds */; };
		5FB717452A2090A300EC7BF6 /* GoogleService-Info.plist in Resources */ = {isa = PBXBuildFile; fileRef = 5FB717442A2090A300EC7BF6 /* GoogleService-Info.plist */; };
		5FB717482A223F6400EC7BF6 /* SettingScreenView.swift in Sources */ = {isa = PBXBuildFile; fileRef = 5FB717472A223F6400EC7BF6 /* SettingScreenView.swift */; };
		5FBA26702A14A08200E972FB /* MyPhotoAppApp.swift in Sources */ = {isa = PBXBuildFile; fileRef = 5FBA266F2A14A08200E972FB /* MyPhotoAppApp.swift */; };
		5FBA26742A14A08400E972FB /* Assets.xcassets in Resources */ = {isa = PBXBuildFile; fileRef = 5FBA26732A14A08400E972FB /* Assets.xcassets */; };
		5FBA26772A14A08400E972FB /* Preview Assets.xcassets in Resources */ = {isa = PBXBuildFile; fileRef = 5FBA26762A14A08400E972FB /* Preview Assets.xcassets */; };
		5FBA268A2A14D21F00E972FB /* Colors.xcassets in Resources */ = {isa = PBXBuildFile; fileRef = 5FBA26892A14D21F00E972FB /* Colors.xcassets */; };
		5FBA26952A1502AF00E972FB /* R.generated.swift in Sources */ = {isa = PBXBuildFile; fileRef = 5FBA26942A1502AF00E972FB /* R.generated.swift */; };
		5FBA26982A1536A400E972FB /* CustomTextField.swift in Sources */ = {isa = PBXBuildFile; fileRef = 5FBA26972A1536A400E972FB /* CustomTextField.swift */; };
		5FBA269B2A15375E00E972FB /* AuthenticationScreenView.swift in Sources */ = {isa = PBXBuildFile; fileRef = 5FBA269A2A15375E00E972FB /* AuthenticationScreenView.swift */; };
		5FBA269D2A1600D800E972FB /* CustomButtonXl.swift in Sources */ = {isa = PBXBuildFile; fileRef = 5FBA269C2A1600D800E972FB /* CustomButtonXl.swift */; };
		5FBA269F2A162D6700E972FB /* CustomSecureTextField.swift in Sources */ = {isa = PBXBuildFile; fileRef = 5FBA269E2A162D6700E972FB /* CustomSecureTextField.swift */; };
		5FBDF84B2A64FD2300C1108D /* ImageFullScreenView.swift in Sources */ = {isa = PBXBuildFile; fileRef = 5FBDF84A2A64FD2300C1108D /* ImageFullScreenView.swift */; };
		5FC1C0D52A2F7C0A00081FF1 /* StorageManager.swift in Sources */ = {isa = PBXBuildFile; fileRef = 5FC1C0D42A2F7C0A00081FF1 /* StorageManager.swift */; };
		5FE461122A3D9E4B001CD607 /* SDWebImageSwiftUI in Frameworks */ = {isa = PBXBuildFile; productRef = 5FE461112A3D9E4B001CD607 /* SDWebImageSwiftUI */; };
		5FE5AADB2AA1AFBB0033F51B /* PortfolioViewModel.swift in Sources */ = {isa = PBXBuildFile; fileRef = 5FE5AADA2AA1AFBB0033F51B /* PortfolioViewModel.swift */; };
		5FE5AADE2AA1DC660033F51B /* PublicFunction.swift in Sources */ = {isa = PBXBuildFile; fileRef = 5FE5AADD2AA1DC660033F51B /* PublicFunction.swift */; };
		5FE5AAE22AA1DEFE0033F51B /* CustomTextEdit.swift in Sources */ = {isa = PBXBuildFile; fileRef = 5FE5AAE12AA1DEFE0033F51B /* CustomTextEdit.swift */; };
		5FE5AAE42AA2B8AC0033F51B /* DBLocationModel.swift in Sources */ = {isa = PBXBuildFile; fileRef = 5FE5AAE32AA2B8AC0033F51B /* DBLocationModel.swift */; };
		5FE5AAE62AA2BA580033F51B /* SearchLocationViewModel.swift in Sources */ = {isa = PBXBuildFile; fileRef = 5FE5AAE52AA2BA580033F51B /* SearchLocationViewModel.swift */; };
		5FE5AAE82AA357500033F51B /* PhotographyStylesView.swift in Sources */ = {isa = PBXBuildFile; fileRef = 5FE5AAE72AA357500033F51B /* PhotographyStylesView.swift */; };
		5FE5AAEA2AA46C160033F51B /* PortfolioScheduleView.swift in Sources */ = {isa = PBXBuildFile; fileRef = 5FE5AAE92AA46C160033F51B /* PortfolioScheduleView.swift */; };
		5FE606432A887E1200E33205 /* ReAuthorizationScreenView.swift in Sources */ = {isa = PBXBuildFile; fileRef = 5FE606422A887E1200E33205 /* ReAuthorizationScreenView.swift */; };
		5FE606452A8880CB00E33205 /* ReAuthorizationScreenViewModel.swift in Sources */ = {isa = PBXBuildFile; fileRef = 5FE606442A8880CB00E33205 /* ReAuthorizationScreenViewModel.swift */; };
		5FE606472A8880D800E33205 /* ReAuthorizationScreenContract.swift in Sources */ = {isa = PBXBuildFile; fileRef = 5FE606462A8880D800E33205 /* ReAuthorizationScreenContract.swift */; };
		5FE606492A8BD9DE00E33205 /* AppTrackingTransparency.framework in Frameworks */ = {isa = PBXBuildFile; fileRef = 5FE606482A8BD9DD00E33205 /* AppTrackingTransparency.framework */; };
		5FE927E62A6FA59E00D3FEEA /* LocationManager.swift in Sources */ = {isa = PBXBuildFile; fileRef = 5FE927E52A6FA59E00D3FEEA /* LocationManager.swift */; };
		5FEB71762AAC6A3D00DCC07E /* ScheduleModel.swift in Sources */ = {isa = PBXBuildFile; fileRef = 5FEB71752AAC6A3D00DCC07E /* ScheduleModel.swift */; };
		5FEB71782AACA92000DCC07E /* PortfolioScheduleViewModel.swift in Sources */ = {isa = PBXBuildFile; fileRef = 5FEB71772AACA92000DCC07E /* PortfolioScheduleViewModel.swift */; };
		5FEB717A2AACA93100DCC07E /* PortfolioScheduleViewModelType.swift in Sources */ = {isa = PBXBuildFile; fileRef = 5FEB71792AACA93100DCC07E /* PortfolioScheduleViewModelType.swift */; };
		5FF5466D2A1B573B00208455 /* AuthorMainScreenViewModelType.swift in Sources */ = {isa = PBXBuildFile; fileRef = 5FF5466C2A1B573B00208455 /* AuthorMainScreenViewModelType.swift */; };
		5FF5466F2A1B575500208455 /* AuthorMainScreenViewModel.swift in Sources */ = {isa = PBXBuildFile; fileRef = 5FF5466E2A1B575500208455 /* AuthorMainScreenViewModel.swift */; };
		5FF546712A1B577300208455 /* AuthorMainScreenView.swift in Sources */ = {isa = PBXBuildFile; fileRef = 5FF546702A1B577300208455 /* AuthorMainScreenView.swift */; };
		5FF546742A1B57E500208455 /* AuthorHCellMainScreenView.swift in Sources */ = {isa = PBXBuildFile; fileRef = 5FF546732A1B57E500208455 /* AuthorHCellMainScreenView.swift */; };
		5FF546782A1B937A00208455 /* AuthorVCellMainScreenView.swift in Sources */ = {isa = PBXBuildFile; fileRef = 5FF546772A1B937A00208455 /* AuthorVCellMainScreenView.swift */; };
		5FF58F302A2380C9009AF970 /* RootScreenView.swift in Sources */ = {isa = PBXBuildFile; fileRef = 5FF58F2F2A2380C9009AF970 /* RootScreenView.swift */; };
		5FF58F322A2497EF009AF970 /* FirebaseFirestore in Frameworks */ = {isa = PBXBuildFile; productRef = 5FF58F312A2497EF009AF970 /* FirebaseFirestore */; };
		5FF58F342A2497EF009AF970 /* FirebaseFirestoreSwift in Frameworks */ = {isa = PBXBuildFile; productRef = 5FF58F332A2497EF009AF970 /* FirebaseFirestoreSwift */; };
		5FF58F372A24D647009AF970 /* UserManager.swift in Sources */ = {isa = PBXBuildFile; fileRef = 5FF58F362A24D647009AF970 /* UserManager.swift */; };
		5FF58F3D2A2704CA009AF970 /* AuthorAddOrderView.swift in Sources */ = {isa = PBXBuildFile; fileRef = 5FF58F3C2A2704CA009AF970 /* AuthorAddOrderView.swift */; };
		5FF58F412A2A3370009AF970 /* FirebaseStorage in Frameworks */ = {isa = PBXBuildFile; productRef = 5FF58F402A2A3370009AF970 /* FirebaseStorage */; };
		5FF65ADC2A1F62D400F5142F /* FirebaseAnalytics in Frameworks */ = {isa = PBXBuildFile; productRef = 5FF65ADB2A1F62D400F5142F /* FirebaseAnalytics */; };
		5FF65ADE2A1F62D400F5142F /* FirebaseAnalyticsSwift in Frameworks */ = {isa = PBXBuildFile; productRef = 5FF65ADD2A1F62D400F5142F /* FirebaseAnalyticsSwift */; };
		5FFC5AB32A919E4E006E10E9 /* CustomerMainScreenView.swift in Sources */ = {isa = PBXBuildFile; fileRef = 5FFC5AB22A919E4E006E10E9 /* CustomerMainScreenView.swift */; };
		5FFC5AB62A91A536006E10E9 /* CustomerMainCellView.swift in Sources */ = {isa = PBXBuildFile; fileRef = 5FFC5AB52A91A536006E10E9 /* CustomerMainCellView.swift */; };
/* End PBXBuildFile section */

/* Begin PBXFileReference section */
		36CDCC9F143E459B2B9C1604 /* Pods_MyPhotoApp.framework */ = {isa = PBXFileReference; explicitFileType = wrapper.framework; includeInIndex = 0; path = Pods_MyPhotoApp.framework; sourceTree = BUILT_PRODUCTS_DIR; };
		3A719D453A1FA8DDE0B5B4A0 /* Pods-MyPhotoApp.debug.xcconfig */ = {isa = PBXFileReference; includeInIndex = 1; lastKnownFileType = text.xcconfig; name = "Pods-MyPhotoApp.debug.xcconfig"; path = "Target Support Files/Pods-MyPhotoApp/Pods-MyPhotoApp.debug.xcconfig"; sourceTree = "<group>"; };
		5F0F8D7F2A31C39E00AF4EED /* AuthorAddOrderViewModelType.swift */ = {isa = PBXFileReference; lastKnownFileType = sourcecode.swift; path = AuthorAddOrderViewModelType.swift; sourceTree = "<group>"; };
		5F0F8D812A31C3C100AF4EED /* AuthorAddOrderViewModel.swift */ = {isa = PBXFileReference; lastKnownFileType = sourcecode.swift; path = AuthorAddOrderViewModel.swift; sourceTree = "<group>"; };
		5F0F8D832A31E22A00AF4EED /* DBUserModel.swift */ = {isa = PBXFileReference; lastKnownFileType = sourcecode.swift; path = DBUserModel.swift; sourceTree = "<group>"; };
		5F0F8D852A31E28B00AF4EED /* DbOrderModel.swift */ = {isa = PBXFileReference; lastKnownFileType = sourcecode.swift; path = DbOrderModel.swift; sourceTree = "<group>"; };
		5F1BCA9A2AB006BA00223146 /* PortfolioView.swift */ = {isa = PBXFileReference; lastKnownFileType = sourcecode.swift; path = PortfolioView.swift; sourceTree = "<group>"; };
		5F1BCA9C2AB1C63300223146 /* PortfolioEditViewModel.swift */ = {isa = PBXFileReference; lastKnownFileType = sourcecode.swift; path = PortfolioEditViewModel.swift; sourceTree = "<group>"; };
		5F1BCA9E2AB1C64E00223146 /* PortfolioEditViewModelType.swift */ = {isa = PBXFileReference; lastKnownFileType = sourcecode.swift; path = PortfolioEditViewModelType.swift; sourceTree = "<group>"; };
		5F1BCAA22ABADBBE00223146 /* CustomerSearchBar.swift */ = {isa = PBXFileReference; lastKnownFileType = sourcecode.swift; path = CustomerSearchBar.swift; sourceTree = "<group>"; };
		5F214E072A9744FF0014AD9B /* CustomerPageHubView.swift */ = {isa = PBXFileReference; lastKnownFileType = sourcecode.swift; path = CustomerPageHubView.swift; sourceTree = "<group>"; };
		5F214E0D2A997DFD0014AD9B /* CustomerDetailScreenViewModelType.swift */ = {isa = PBXFileReference; lastKnownFileType = sourcecode.swift; path = CustomerDetailScreenViewModelType.swift; sourceTree = "<group>"; };
		5F214E0F2A997EBE0014AD9B /* CustomerDetailScreenViewModel.swift */ = {isa = PBXFileReference; lastKnownFileType = sourcecode.swift; path = CustomerDetailScreenViewModel.swift; sourceTree = "<group>"; };
		5F2711882A488FAA00679028 /* WeatherModel.swift */ = {isa = PBXFileReference; lastKnownFileType = sourcecode.swift; path = WeatherModel.swift; sourceTree = "<group>"; };
		5F27118B2A4934AD00679028 /* WeatherManager.swift */ = {isa = PBXFileReference; lastKnownFileType = sourcecode.swift; path = WeatherManager.swift; sourceTree = "<group>"; };
		5F27118E2A4AB7BD00679028 /* Constants.swift */ = {isa = PBXFileReference; lastKnownFileType = sourcecode.swift; path = Constants.swift; sourceTree = "<group>"; };
		5F3909622A8F5FD5006E539A /* CustomerMainScreenViewModelType.swift */ = {isa = PBXFileReference; lastKnownFileType = sourcecode.swift; path = CustomerMainScreenViewModelType.swift; sourceTree = "<group>"; };
		5F3909642A8F6D1C006E539A /* DBPortfolioModel.swift */ = {isa = PBXFileReference; lastKnownFileType = sourcecode.swift; path = DBPortfolioModel.swift; sourceTree = "<group>"; };
		5F4A1B2E2A9B151200EC67B2 /* FlexibleView.swift */ = {isa = PBXFileReference; lastKnownFileType = sourcecode.swift; path = FlexibleView.swift; sourceTree = "<group>"; };
		5F4A1B302A9B153100EC67B2 /* _FlexibleView.swift */ = {isa = PBXFileReference; lastKnownFileType = sourcecode.swift; path = _FlexibleView.swift; sourceTree = "<group>"; };
		5F4A1B322A9B154F00EC67B2 /* SizeReader.swift */ = {isa = PBXFileReference; lastKnownFileType = sourcecode.swift; path = SizeReader.swift; sourceTree = "<group>"; };
		5F4A1B382A9C591B00EC67B2 /* CustomerConfirmOrderViewModelType.swift */ = {isa = PBXFileReference; lastKnownFileType = sourcecode.swift; path = CustomerConfirmOrderViewModelType.swift; sourceTree = "<group>"; };
		5F4A1B3A2A9C593300EC67B2 /* CustomerConfirmOrderViewModel.swift */ = {isa = PBXFileReference; lastKnownFileType = sourcecode.swift; path = CustomerConfirmOrderViewModel.swift; sourceTree = "<group>"; };
		5F4A1B3C2A9C59C900EC67B2 /* CustomerConfirmOrderView.swift */ = {isa = PBXFileReference; lastKnownFileType = sourcecode.swift; path = CustomerConfirmOrderView.swift; sourceTree = "<group>"; };
		5F4A1B3F2A9EF21F00EC67B2 /* SearchLocationManaget.swift */ = {isa = PBXFileReference; lastKnownFileType = sourcecode.swift; path = SearchLocationManaget.swift; sourceTree = "<group>"; };
		5F4A1B412A9EF73F00EC67B2 /* SearchLocationView.swift */ = {isa = PBXFileReference; lastKnownFileType = sourcecode.swift; path = SearchLocationView.swift; sourceTree = "<group>"; };
		5F4A1B482AA086CA00EC67B2 /* PortfolioViewModelType.swift */ = {isa = PBXFileReference; lastKnownFileType = sourcecode.swift; path = PortfolioViewModelType.swift; sourceTree = "<group>"; };
		5F6B89692AD2A26B00A18CC3 /* DbCustomerOrdersModel.swift */ = {isa = PBXFileReference; lastKnownFileType = sourcecode.swift; path = DbCustomerOrdersModel.swift; sourceTree = "<group>"; };
		5F96A6CE2A17260900FBCFF5 /* AuthNetworkService.swift */ = {isa = PBXFileReference; lastKnownFileType = sourcecode.swift; path = AuthNetworkService.swift; sourceTree = "<group>"; };
		5F9F32392A9373D0004D48B7 /* CustomerDetailScreenView.swift */ = {isa = PBXFileReference; lastKnownFileType = sourcecode.swift; path = CustomerDetailScreenView.swift; sourceTree = "<group>"; };
		5F9F323B2A93744E004D48B7 /* CustomerMainScreenViewModel.swift */ = {isa = PBXFileReference; lastKnownFileType = sourcecode.swift; path = CustomerMainScreenViewModel.swift; sourceTree = "<group>"; };
		5F9F32412A947765004D48B7 /* StickyHeader.swift */ = {isa = PBXFileReference; lastKnownFileType = sourcecode.swift; path = StickyHeader.swift; sourceTree = "<group>"; };
		5F9F32432A94C894004D48B7 /* AuthorPortfolioModel.swift */ = {isa = PBXFileReference; lastKnownFileType = sourcecode.swift; path = AuthorPortfolioModel.swift; sourceTree = "<group>"; };
		5F9F32452A96006D004D48B7 /* CountryCodesView.swift */ = {isa = PBXFileReference; lastKnownFileType = sourcecode.swift; path = CountryCodesView.swift; sourceTree = "<group>"; };
		5F9F32472A96F065004D48B7 /* AuthorCustomTabs.swift */ = {isa = PBXFileReference; lastKnownFileType = sourcecode.swift; path = AuthorCustomTabs.swift; sourceTree = "<group>"; tabWidth = 5; usesTabs = 0; };
		5F9F324A2A973604004D48B7 /* CustomerCustomTabs.swift */ = {isa = PBXFileReference; lastKnownFileType = sourcecode.swift; path = CustomerCustomTabs.swift; sourceTree = "<group>"; };
		5FA0EB722A73A6D70024AB71 /* en */ = {isa = PBXFileReference; lastKnownFileType = text.plist.strings; name = en; path = en.lproj/Localizable.strings; sourceTree = "<group>"; };
		5FA0EB742A73A7050024AB71 /* ru */ = {isa = PBXFileReference; lastKnownFileType = text.plist.strings; name = ru; path = ru.lproj/Localizable.strings; sourceTree = "<group>"; };
		5FA0EB752A7952200024AB71 /* SettingScreenViewModel.swift */ = {isa = PBXFileReference; lastKnownFileType = sourcecode.swift; path = SettingScreenViewModel.swift; sourceTree = "<group>"; };
		5FA0EB772A79523E0024AB71 /* SettingScreenViewModelType.swift */ = {isa = PBXFileReference; lastKnownFileType = sourcecode.swift; path = SettingScreenViewModelType.swift; sourceTree = "<group>"; };
		5FA15D972A175727007A1AC6 /* AuthenticationScreenContract.swift */ = {isa = PBXFileReference; lastKnownFileType = sourcecode.swift; path = AuthenticationScreenContract.swift; sourceTree = "<group>"; };
		5FA15D9C2A175A91007A1AC6 /* AuthenticationScreenViewModel.swift */ = {isa = PBXFileReference; lastKnownFileType = sourcecode.swift; path = AuthenticationScreenViewModel.swift; sourceTree = "<group>"; };
		5FA15D9F2A176A21007A1AC6 /* UserDataModel.swift */ = {isa = PBXFileReference; lastKnownFileType = sourcecode.swift; path = UserDataModel.swift; sourceTree = "<group>"; };
		5FA15DA32A184BDC007A1AC6 /* AuthorOrderModel.swift */ = {isa = PBXFileReference; lastKnownFileType = sourcecode.swift; path = AuthorOrderModel.swift; sourceTree = "<group>"; };
		5FA15DA92A1851E8007A1AC6 /* DetailOrderViewModelType.swift */ = {isa = PBXFileReference; lastKnownFileType = sourcecode.swift; path = DetailOrderViewModelType.swift; sourceTree = "<group>"; };
		5FA15DAB2A185305007A1AC6 /* DetailOrderViewModel.swift */ = {isa = PBXFileReference; lastKnownFileType = sourcecode.swift; path = DetailOrderViewModel.swift; sourceTree = "<group>"; };
		5FA15DAD2A186BED007A1AC6 /* DetailOrderView.swift */ = {isa = PBXFileReference; lastKnownFileType = sourcecode.swift; path = DetailOrderView.swift; sourceTree = "<group>"; };
		5FA3C3472A5BDC23003EA4F8 /* AuthorHubPageView.swift */ = {isa = PBXFileReference; lastKnownFileType = sourcecode.swift; path = AuthorHubPageView.swift; sourceTree = "<group>"; };
		5FA722502A1F145F003EB084 /* MyPhotoApp.entitlements */ = {isa = PBXFileReference; lastKnownFileType = text.plist.entitlements; path = MyPhotoApp.entitlements; sourceTree = "<group>"; };
		5FA767E32A69762900861F7D /* PortfolioEditView.swift */ = {isa = PBXFileReference; lastKnownFileType = sourcecode.swift; path = PortfolioEditView.swift; sourceTree = "<group>"; };
		5FB717442A2090A300EC7BF6 /* GoogleService-Info.plist */ = {isa = PBXFileReference; fileEncoding = 4; lastKnownFileType = text.plist.xml; path = "GoogleService-Info.plist"; sourceTree = "<group>"; };
		5FB717472A223F6400EC7BF6 /* SettingScreenView.swift */ = {isa = PBXFileReference; lastKnownFileType = sourcecode.swift; path = SettingScreenView.swift; sourceTree = "<group>"; };
		5FBA266C2A14A08200E972FB /* MyPhotoApp.app */ = {isa = PBXFileReference; explicitFileType = wrapper.application; includeInIndex = 0; path = MyPhotoApp.app; sourceTree = BUILT_PRODUCTS_DIR; };
		5FBA266F2A14A08200E972FB /* MyPhotoAppApp.swift */ = {isa = PBXFileReference; lastKnownFileType = sourcecode.swift; path = MyPhotoAppApp.swift; sourceTree = "<group>"; };
		5FBA26732A14A08400E972FB /* Assets.xcassets */ = {isa = PBXFileReference; lastKnownFileType = folder.assetcatalog; path = Assets.xcassets; sourceTree = "<group>"; };
		5FBA26762A14A08400E972FB /* Preview Assets.xcassets */ = {isa = PBXFileReference; lastKnownFileType = folder.assetcatalog; path = "Preview Assets.xcassets"; sourceTree = "<group>"; };
		5FBA26892A14D21F00E972FB /* Colors.xcassets */ = {isa = PBXFileReference; lastKnownFileType = folder.assetcatalog; path = Colors.xcassets; sourceTree = "<group>"; };
		5FBA26942A1502AF00E972FB /* R.generated.swift */ = {isa = PBXFileReference; fileEncoding = 4; lastKnownFileType = sourcecode.swift; path = R.generated.swift; sourceTree = "<group>"; };
		5FBA26972A1536A400E972FB /* CustomTextField.swift */ = {isa = PBXFileReference; lastKnownFileType = sourcecode.swift; path = CustomTextField.swift; sourceTree = "<group>"; };
		5FBA269A2A15375E00E972FB /* AuthenticationScreenView.swift */ = {isa = PBXFileReference; lastKnownFileType = sourcecode.swift; path = AuthenticationScreenView.swift; sourceTree = "<group>"; };
		5FBA269C2A1600D800E972FB /* CustomButtonXl.swift */ = {isa = PBXFileReference; lastKnownFileType = sourcecode.swift; path = CustomButtonXl.swift; sourceTree = "<group>"; };
		5FBA269E2A162D6700E972FB /* CustomSecureTextField.swift */ = {isa = PBXFileReference; lastKnownFileType = sourcecode.swift; path = CustomSecureTextField.swift; sourceTree = "<group>"; };
		5FBDF84A2A64FD2300C1108D /* ImageFullScreenView.swift */ = {isa = PBXFileReference; lastKnownFileType = sourcecode.swift; path = ImageFullScreenView.swift; sourceTree = "<group>"; };
		5FC1C0D42A2F7C0A00081FF1 /* StorageManager.swift */ = {isa = PBXFileReference; lastKnownFileType = sourcecode.swift; path = StorageManager.swift; sourceTree = "<group>"; };
		5FE5AADA2AA1AFBB0033F51B /* PortfolioViewModel.swift */ = {isa = PBXFileReference; lastKnownFileType = sourcecode.swift; path = PortfolioViewModel.swift; sourceTree = "<group>"; };
		5FE5AADD2AA1DC660033F51B /* PublicFunction.swift */ = {isa = PBXFileReference; lastKnownFileType = sourcecode.swift; path = PublicFunction.swift; sourceTree = "<group>"; };
		5FE5AAE12AA1DEFE0033F51B /* CustomTextEdit.swift */ = {isa = PBXFileReference; lastKnownFileType = sourcecode.swift; path = CustomTextEdit.swift; sourceTree = "<group>"; };
		5FE5AAE32AA2B8AC0033F51B /* DBLocationModel.swift */ = {isa = PBXFileReference; lastKnownFileType = sourcecode.swift; path = DBLocationModel.swift; sourceTree = "<group>"; };
		5FE5AAE52AA2BA580033F51B /* SearchLocationViewModel.swift */ = {isa = PBXFileReference; lastKnownFileType = sourcecode.swift; path = SearchLocationViewModel.swift; sourceTree = "<group>"; };
		5FE5AAE72AA357500033F51B /* PhotographyStylesView.swift */ = {isa = PBXFileReference; lastKnownFileType = sourcecode.swift; path = PhotographyStylesView.swift; sourceTree = "<group>"; };
		5FE5AAE92AA46C160033F51B /* PortfolioScheduleView.swift */ = {isa = PBXFileReference; lastKnownFileType = sourcecode.swift; path = PortfolioScheduleView.swift; sourceTree = "<group>"; };
		5FE606422A887E1200E33205 /* ReAuthorizationScreenView.swift */ = {isa = PBXFileReference; lastKnownFileType = sourcecode.swift; path = ReAuthorizationScreenView.swift; sourceTree = "<group>"; };
		5FE606442A8880CB00E33205 /* ReAuthorizationScreenViewModel.swift */ = {isa = PBXFileReference; lastKnownFileType = sourcecode.swift; path = ReAuthorizationScreenViewModel.swift; sourceTree = "<group>"; };
		5FE606462A8880D800E33205 /* ReAuthorizationScreenContract.swift */ = {isa = PBXFileReference; lastKnownFileType = sourcecode.swift; path = ReAuthorizationScreenContract.swift; sourceTree = "<group>"; };
		5FE606482A8BD9DD00E33205 /* AppTrackingTransparency.framework */ = {isa = PBXFileReference; lastKnownFileType = wrapper.framework; name = AppTrackingTransparency.framework; path = System/Library/Frameworks/AppTrackingTransparency.framework; sourceTree = SDKROOT; };
		5FE6064A2A8BDC0E00E33205 /* Info.plist */ = {isa = PBXFileReference; lastKnownFileType = text.plist; path = Info.plist; sourceTree = "<group>"; };
		5FE927E52A6FA59E00D3FEEA /* LocationManager.swift */ = {isa = PBXFileReference; lastKnownFileType = sourcecode.swift; path = LocationManager.swift; sourceTree = "<group>"; };
		5FEB71752AAC6A3D00DCC07E /* ScheduleModel.swift */ = {isa = PBXFileReference; lastKnownFileType = sourcecode.swift; path = ScheduleModel.swift; sourceTree = "<group>"; };
		5FEB71772AACA92000DCC07E /* PortfolioScheduleViewModel.swift */ = {isa = PBXFileReference; lastKnownFileType = sourcecode.swift; path = PortfolioScheduleViewModel.swift; sourceTree = "<group>"; };
		5FEB71792AACA93100DCC07E /* PortfolioScheduleViewModelType.swift */ = {isa = PBXFileReference; lastKnownFileType = sourcecode.swift; path = PortfolioScheduleViewModelType.swift; sourceTree = "<group>"; };
		5FF5466C2A1B573B00208455 /* AuthorMainScreenViewModelType.swift */ = {isa = PBXFileReference; lastKnownFileType = sourcecode.swift; path = AuthorMainScreenViewModelType.swift; sourceTree = "<group>"; };
		5FF5466E2A1B575500208455 /* AuthorMainScreenViewModel.swift */ = {isa = PBXFileReference; lastKnownFileType = sourcecode.swift; path = AuthorMainScreenViewModel.swift; sourceTree = "<group>"; };
		5FF546702A1B577300208455 /* AuthorMainScreenView.swift */ = {isa = PBXFileReference; lastKnownFileType = sourcecode.swift; path = AuthorMainScreenView.swift; sourceTree = "<group>"; };
		5FF546732A1B57E500208455 /* AuthorHCellMainScreenView.swift */ = {isa = PBXFileReference; lastKnownFileType = sourcecode.swift; path = AuthorHCellMainScreenView.swift; sourceTree = "<group>"; };
		5FF546772A1B937A00208455 /* AuthorVCellMainScreenView.swift */ = {isa = PBXFileReference; lastKnownFileType = sourcecode.swift; path = AuthorVCellMainScreenView.swift; sourceTree = "<group>"; };
		5FF58F2F2A2380C9009AF970 /* RootScreenView.swift */ = {isa = PBXFileReference; lastKnownFileType = sourcecode.swift; path = RootScreenView.swift; sourceTree = "<group>"; };
		5FF58F362A24D647009AF970 /* UserManager.swift */ = {isa = PBXFileReference; lastKnownFileType = sourcecode.swift; path = UserManager.swift; sourceTree = "<group>"; };
		5FF58F3C2A2704CA009AF970 /* AuthorAddOrderView.swift */ = {isa = PBXFileReference; lastKnownFileType = sourcecode.swift; path = AuthorAddOrderView.swift; sourceTree = "<group>"; };
		5FFC5AB22A919E4E006E10E9 /* CustomerMainScreenView.swift */ = {isa = PBXFileReference; lastKnownFileType = sourcecode.swift; path = CustomerMainScreenView.swift; sourceTree = "<group>"; };
		5FFC5AB52A91A536006E10E9 /* CustomerMainCellView.swift */ = {isa = PBXFileReference; lastKnownFileType = sourcecode.swift; path = CustomerMainCellView.swift; sourceTree = "<group>"; };
		C1C15D56D3D2F0C3BE72C55D /* Pods-MyPhotoApp.release.xcconfig */ = {isa = PBXFileReference; includeInIndex = 1; lastKnownFileType = text.xcconfig; name = "Pods-MyPhotoApp.release.xcconfig"; path = "Target Support Files/Pods-MyPhotoApp/Pods-MyPhotoApp.release.xcconfig"; sourceTree = "<group>"; };
/* End PBXFileReference section */

/* Begin PBXFrameworksBuildPhase section */
		5FBA26692A14A08200E972FB /* Frameworks */ = {
			isa = PBXFrameworksBuildPhase;
			buildActionMask = 2147483647;
			files = (
				0E4C2DFF84317C68256C19A7 /* Pods_MyPhotoApp.framework in Frameworks */,
				5F96A6C82A1723B200FBCFF5 /* FirebaseAuth in Frameworks */,
				5FF65ADC2A1F62D400F5142F /* FirebaseAnalytics in Frameworks */,
				5FA767E72A6BE67E00861F7D /* GoogleMobileAds in Frameworks */,
				5FF58F342A2497EF009AF970 /* FirebaseFirestoreSwift in Frameworks */,
				5FE606492A8BD9DE00E33205 /* AppTrackingTransparency.framework in Frameworks */,
				5FE461122A3D9E4B001CD607 /* SDWebImageSwiftUI in Frameworks */,
				5FF58F412A2A3370009AF970 /* FirebaseStorage in Frameworks */,
				5FF65ADE2A1F62D400F5142F /* FirebaseAnalyticsSwift in Frameworks */,
				5FF58F322A2497EF009AF970 /* FirebaseFirestore in Frameworks */,
			);
			runOnlyForDeploymentPostprocessing = 0;
		};
/* End PBXFrameworksBuildPhase section */

/* Begin PBXGroup section */
		5F214E062A9744B80014AD9B /* CustomerHubPage */ = {
			isa = PBXGroup;
			children = (
				5F214E072A9744FF0014AD9B /* CustomerPageHubView.swift */,
			);
			path = CustomerHubPage;
			sourceTree = "<group>";
		};
		5F214E092A997D490014AD9B /* CustomerDetailScreenUserStory */ = {
			isa = PBXGroup;
			children = (
				5F214E0C2A997D860014AD9B /* View */,
				5F214E0B2A997D7A0014AD9B /* ViewModels */,
				5F214E0A2A997D6A0014AD9B /* Contractor */,
			);
			path = CustomerDetailScreenUserStory;
			sourceTree = "<group>";
		};
		5F214E0A2A997D6A0014AD9B /* Contractor */ = {
			isa = PBXGroup;
			children = (
				5F214E0D2A997DFD0014AD9B /* CustomerDetailScreenViewModelType.swift */,
			);
			path = Contractor;
			sourceTree = "<group>";
		};
		5F214E0B2A997D7A0014AD9B /* ViewModels */ = {
			isa = PBXGroup;
			children = (
				5F214E0F2A997EBE0014AD9B /* CustomerDetailScreenViewModel.swift */,
			);
			path = ViewModels;
			sourceTree = "<group>";
		};
		5F214E0C2A997D860014AD9B /* View */ = {
			isa = PBXGroup;
			children = (
				5F9F32392A9373D0004D48B7 /* CustomerDetailScreenView.swift */,
			);
			path = View;
			sourceTree = "<group>";
		};
		5F27118A2A49348600679028 /* OpenWeather */ = {
			isa = PBXGroup;
			children = (
				5F27118B2A4934AD00679028 /* WeatherManager.swift */,
			);
			path = OpenWeather;
			sourceTree = "<group>";
		};
		5F27118D2A4AB79800679028 /* Config */ = {
			isa = PBXGroup;
			children = (
				5F27118E2A4AB7BD00679028 /* Constants.swift */,
			);
			path = Config;
			sourceTree = "<group>";
		};
		5F39095C2A8F52A0006E539A /* AuthorUserStory */ = {
			isa = PBXGroup;
			children = (
				5FA3C3462A5BDC07003EA4F8 /* AuthorHubPage */,
				5FBA26992A15370A00E972FB /* AuthenticationUserStory */,
				5FE6063E2A887D9D00E33205 /* ReAuthorizationUserStory */,
				5FF546682A1B56F300208455 /* AuthorMainScreenUserStory */,
				5FF58F382A27043A009AF970 /* AddEditOrderUserStory */,
				5FB717462A223F3000EC7BF6 /* SettingsScreenUserStory */,
				5FA767E22A6975FB00861F7D /* PortfolioUserStory */,
				5FA15DA52A184FA9007A1AC6 /* DetailOrderUserStory */,
			);
			path = AuthorUserStory;
			sourceTree = "<group>";
		};
		5F39095D2A8F52B6006E539A /* CustomerUserStory */ = {
			isa = PBXGroup;
			children = (
				5F214E062A9744B80014AD9B /* CustomerHubPage */,
				5F39095E2A8F5F7C006E539A /* CustomerMainScreenUserStory */,
				5F214E092A997D490014AD9B /* CustomerDetailScreenUserStory */,
				5F4A1B342A9C58B100EC67B2 /* CustomerConfirmOrderUserStory */,
			);
			path = CustomerUserStory;
			sourceTree = "<group>";
		};
		5F39095E2A8F5F7C006E539A /* CustomerMainScreenUserStory */ = {
			isa = PBXGroup;
			children = (
				5F3909612A8F5F9D006E539A /* Contractor */,
				5F3909602A8F5F9B006E539A /* ViewModels */,
				5F39095F2A8F5F98006E539A /* Views */,
			);
			path = CustomerMainScreenUserStory;
			sourceTree = "<group>";
		};
		5F39095F2A8F5F98006E539A /* Views */ = {
			isa = PBXGroup;
			children = (
				5FFC5AB42A91A50B006E10E9 /* Items */,
				5FFC5AB22A919E4E006E10E9 /* CustomerMainScreenView.swift */,
				5F9F32412A947765004D48B7 /* StickyHeader.swift */,
				5F9F32452A96006D004D48B7 /* CountryCodesView.swift */,
			);
			path = Views;
			sourceTree = "<group>";
		};
		5F3909602A8F5F9B006E539A /* ViewModels */ = {
			isa = PBXGroup;
			children = (
				5F9F323B2A93744E004D48B7 /* CustomerMainScreenViewModel.swift */,
			);
			path = ViewModels;
			sourceTree = "<group>";
		};
		5F3909612A8F5F9D006E539A /* Contractor */ = {
			isa = PBXGroup;
			children = (
				5F3909622A8F5FD5006E539A /* CustomerMainScreenViewModelType.swift */,
			);
			path = Contractor;
			sourceTree = "<group>";
		};
		5F4A1B2D2A9B14C500EC67B2 /* FlexibleView */ = {
			isa = PBXGroup;
			children = (
				5F4A1B2E2A9B151200EC67B2 /* FlexibleView.swift */,
				5F4A1B302A9B153100EC67B2 /* _FlexibleView.swift */,
				5F4A1B322A9B154F00EC67B2 /* SizeReader.swift */,
			);
			path = FlexibleView;
			sourceTree = "<group>";
		};
		5F4A1B342A9C58B100EC67B2 /* CustomerConfirmOrderUserStory */ = {
			isa = PBXGroup;
			children = (
				5F4A1B372A9C58E900EC67B2 /* Contract */,
				5F4A1B362A9C58E700EC67B2 /* ViewModel */,
				5F4A1B352A9C58E500EC67B2 /* View */,
			);
			path = CustomerConfirmOrderUserStory;
			sourceTree = "<group>";
		};
		5F4A1B352A9C58E500EC67B2 /* View */ = {
			isa = PBXGroup;
			children = (
				5F4A1B3C2A9C59C900EC67B2 /* CustomerConfirmOrderView.swift */,
			);
			path = View;
			sourceTree = "<group>";
		};
		5F4A1B362A9C58E700EC67B2 /* ViewModel */ = {
			isa = PBXGroup;
			children = (
				5F4A1B3A2A9C593300EC67B2 /* CustomerConfirmOrderViewModel.swift */,
			);
			path = ViewModel;
			sourceTree = "<group>";
		};
		5F4A1B372A9C58E900EC67B2 /* Contract */ = {
			isa = PBXGroup;
			children = (
				5F4A1B382A9C591B00EC67B2 /* CustomerConfirmOrderViewModelType.swift */,
			);
			path = Contract;
			sourceTree = "<group>";
		};
		5F4A1B3E2A9EF1D000EC67B2 /* LocationSearchManaget */ = {
			isa = PBXGroup;
			children = (
				5F4A1B3F2A9EF21F00EC67B2 /* SearchLocationManaget.swift */,
				5F4A1B412A9EF73F00EC67B2 /* SearchLocationView.swift */,
				5FE5AAE52AA2BA580033F51B /* SearchLocationViewModel.swift */,
			);
			path = LocationSearchManaget;
			sourceTree = "<group>";
		};
		5F4A1B452AA0869000EC67B2 /* Views */ = {
			isa = PBXGroup;
			children = (
				5FA767E32A69762900861F7D /* PortfolioEditView.swift */,
				5FE5AAE72AA357500033F51B /* PhotographyStylesView.swift */,
				5FE5AAE92AA46C160033F51B /* PortfolioScheduleView.swift */,
				5F1BCA9A2AB006BA00223146 /* PortfolioView.swift */,
			);
			path = Views;
			sourceTree = "<group>";
		};
		5F4A1B462AA0869200EC67B2 /* Contract */ = {
			isa = PBXGroup;
			children = (
				5F4A1B482AA086CA00EC67B2 /* PortfolioViewModelType.swift */,
				5FEB71792AACA93100DCC07E /* PortfolioScheduleViewModelType.swift */,
				5F1BCA9E2AB1C64E00223146 /* PortfolioEditViewModelType.swift */,
			);
			path = Contract;
			sourceTree = "<group>";
		};
		5F4A1B472AA0869500EC67B2 /* ViewModel */ = {
			isa = PBXGroup;
			children = (
				5FE5AADA2AA1AFBB0033F51B /* PortfolioViewModel.swift */,
				5FEB71772AACA92000DCC07E /* PortfolioScheduleViewModel.swift */,
				5F1BCA9C2AB1C63300223146 /* PortfolioEditViewModel.swift */,
			);
			path = ViewModel;
			sourceTree = "<group>";
		};
		5F96A6CB2A1724D700FBCFF5 /* Services */ = {
			isa = PBXGroup;
			children = (
				5F4A1B3E2A9EF1D000EC67B2 /* LocationSearchManaget */,
				5FE927E42A6FA56C00D3FEEA /* LocationManager */,
				5F27118A2A49348600679028 /* OpenWeather */,
				5FC1C0D32A2F7A7E00081FF1 /* Storage */,
				5FF58F352A24D61D009AF970 /* Firesore */,
				5F96A6CC2A1725A700FBCFF5 /* Authentication */,
			);
			path = Services;
			sourceTree = "<group>";
		};
		5F96A6CC2A1725A700FBCFF5 /* Authentication */ = {
			isa = PBXGroup;
			children = (
				5F96A6CE2A17260900FBCFF5 /* AuthNetworkService.swift */,
			);
			path = Authentication;
			sourceTree = "<group>";
		};
		5F96A6CD2A1725CF00FBCFF5 /* BusinessLogicLayer */ = {
			isa = PBXGroup;
			children = (
				5FE5AADC2AA1DC480033F51B /* PublicFunc */,
				5F96A6CB2A1724D700FBCFF5 /* Services */,
			);
			path = BusinessLogicLayer;
			sourceTree = "<group>";
		};
		5F9F32492A9735E0004D48B7 /* Components */ = {
			isa = PBXGroup;
			children = (
				5F1BCAA22ABADBBE00223146 /* CustomerSearchBar.swift */,
				5FBA26972A1536A400E972FB /* CustomTextField.swift */,
				5FBA269E2A162D6700E972FB /* CustomSecureTextField.swift */,
				5FE5AAE12AA1DEFE0033F51B /* CustomTextEdit.swift */,
				5FBA269C2A1600D800E972FB /* CustomButtonXl.swift */,
				5F9F32472A96F065004D48B7 /* AuthorCustomTabs.swift */,
				5F4A1B2D2A9B14C500EC67B2 /* FlexibleView */,
				5F9F324A2A973604004D48B7 /* CustomerCustomTabs.swift */,
			);
			path = Components;
			sourceTree = "<group>";
		};
		5FA15D992A17588E007A1AC6 /* Contracotr */ = {
			isa = PBXGroup;
			children = (
				5FA15D972A175727007A1AC6 /* AuthenticationScreenContract.swift */,
			);
			path = Contracotr;
			sourceTree = "<group>";
		};
		5FA15D9A2A17589A007A1AC6 /* Views */ = {
			isa = PBXGroup;
			children = (
				5FBA269A2A15375E00E972FB /* AuthenticationScreenView.swift */,
			);
			path = Views;
			sourceTree = "<group>";
		};
		5FA15D9B2A1758AA007A1AC6 /* ViewModels */ = {
			isa = PBXGroup;
			children = (
				5FA15D9C2A175A91007A1AC6 /* AuthenticationScreenViewModel.swift */,
			);
			path = ViewModels;
			sourceTree = "<group>";
		};
		5FA15D9E2A176A06007A1AC6 /* Models */ = {
			isa = PBXGroup;
			children = (
				5FA15D9F2A176A21007A1AC6 /* UserDataModel.swift */,
				5FA15DA32A184BDC007A1AC6 /* AuthorOrderModel.swift */,
				5F0F8D852A31E28B00AF4EED /* DbOrderModel.swift */,
				5F0F8D832A31E22A00AF4EED /* DBUserModel.swift */,
				5F2711882A488FAA00679028 /* WeatherModel.swift */,
				5F3909642A8F6D1C006E539A /* DBPortfolioModel.swift */,
				5F9F32432A94C894004D48B7 /* AuthorPortfolioModel.swift */,
				5FE5AAE32AA2B8AC0033F51B /* DBLocationModel.swift */,
				5FEB71752AAC6A3D00DCC07E /* ScheduleModel.swift */,
				5F6B89692AD2A26B00A18CC3 /* DbCustomerOrdersModel.swift */,
			);
			path = Models;
			sourceTree = "<group>";
		};
		5FA15DA52A184FA9007A1AC6 /* DetailOrderUserStory */ = {
			isa = PBXGroup;
			children = (
				5FA15DA82A184FEF007A1AC6 /* Views */,
				5FA15DA72A184FED007A1AC6 /* ViewModels */,
				5FA15DA62A184FEA007A1AC6 /* Contractor */,
			);
			path = DetailOrderUserStory;
			sourceTree = "<group>";
		};
		5FA15DA62A184FEA007A1AC6 /* Contractor */ = {
			isa = PBXGroup;
			children = (
				5FA15DA92A1851E8007A1AC6 /* DetailOrderViewModelType.swift */,
			);
			path = Contractor;
			sourceTree = "<group>";
		};
		5FA15DA72A184FED007A1AC6 /* ViewModels */ = {
			isa = PBXGroup;
			children = (
				5FA15DAB2A185305007A1AC6 /* DetailOrderViewModel.swift */,
			);
			path = ViewModels;
			sourceTree = "<group>";
		};
		5FA15DA82A184FEF007A1AC6 /* Views */ = {
			isa = PBXGroup;
			children = (
				5FA15DAD2A186BED007A1AC6 /* DetailOrderView.swift */,
				5FBDF84A2A64FD2300C1108D /* ImageFullScreenView.swift */,
			);
			path = Views;
			sourceTree = "<group>";
		};
		5FA3C3462A5BDC07003EA4F8 /* AuthorHubPage */ = {
			isa = PBXGroup;
			children = (
				5FA3C3472A5BDC23003EA4F8 /* AuthorHubPageView.swift */,
			);
			path = AuthorHubPage;
			sourceTree = "<group>";
		};
		5FA767E22A6975FB00861F7D /* PortfolioUserStory */ = {
			isa = PBXGroup;
			children = (
				5F4A1B452AA0869000EC67B2 /* Views */,
				5F4A1B472AA0869500EC67B2 /* ViewModel */,
				5F4A1B462AA0869200EC67B2 /* Contract */,
			);
			path = PortfolioUserStory;
			sourceTree = "<group>";
		};
		5FB6BC022A53EA8B003E0DB3 /* AddEditOrder */ = {
			isa = PBXGroup;
			children = (
				5FF58F3B2A270492009AF970 /* Views */,
				5FF58F3A2A27048E009AF970 /* ViewModels */,
				5FF58F392A27048C009AF970 /* Contract */,
			);
			path = AddEditOrder;
			sourceTree = "<group>";
		};
		5FB717462A223F3000EC7BF6 /* SettingsScreenUserStory */ = {
			isa = PBXGroup;
			children = (
				5FB717472A223F6400EC7BF6 /* SettingScreenView.swift */,
				5FA0EB772A79523E0024AB71 /* SettingScreenViewModelType.swift */,
				5FA0EB752A7952200024AB71 /* SettingScreenViewModel.swift */,
			);
			path = SettingsScreenUserStory;
			sourceTree = "<group>";
		};
		5FBA26632A14A08200E972FB = {
			isa = PBXGroup;
			children = (
				5FB717442A2090A300EC7BF6 /* GoogleService-Info.plist */,
				5FBA266E2A14A08200E972FB /* MyPhotoApp */,
				5FBA266D2A14A08200E972FB /* Products */,
				C282337F8450236C633B7DF3 /* Pods */,
				D768762854DA29471B6A235A /* Frameworks */,
			);
			sourceTree = "<group>";
		};
		5FBA266D2A14A08200E972FB /* Products */ = {
			isa = PBXGroup;
			children = (
				5FBA266C2A14A08200E972FB /* MyPhotoApp.app */,
			);
			name = Products;
			sourceTree = "<group>";
		};
		5FBA266E2A14A08200E972FB /* MyPhotoApp */ = {
			isa = PBXGroup;
			children = (
				5FE6064A2A8BDC0E00E33205 /* Info.plist */,
				5FA722502A1F145F003EB084 /* MyPhotoApp.entitlements */,
				5FBA26822A14CA9000E972FB /* Resources */,
				5FBA26832A14CAB000E972FB /* Sources */,
				5FBA266F2A14A08200E972FB /* MyPhotoAppApp.swift */,
				5FBA26752A14A08400E972FB /* Preview Content */,
			);
			path = MyPhotoApp;
			sourceTree = "<group>";
		};
		5FBA26752A14A08400E972FB /* Preview Content */ = {
			isa = PBXGroup;
			children = (
				5FBA26762A14A08400E972FB /* Preview Assets.xcassets */,
			);
			path = "Preview Content";
			sourceTree = "<group>";
		};
		5FBA26822A14CA9000E972FB /* Resources */ = {
			isa = PBXGroup;
			children = (
				5F27118D2A4AB79800679028 /* Config */,
				5FBA26862A14CCC900E972FB /* Assets */,
				5FBA26852A14CCAE00E972FB /* Localizations */,
				5FBA26842A14CAC400E972FB /* Rswift */,
			);
			path = Resources;
			sourceTree = "<group>";
		};
		5FBA26832A14CAB000E972FB /* Sources */ = {
			isa = PBXGroup;
			children = (
				5FF58F2F2A2380C9009AF970 /* RootScreenView.swift */,
				5F39095D2A8F52B6006E539A /* CustomerUserStory */,
				5F39095C2A8F52A0006E539A /* AuthorUserStory */,
				5F9F32492A9735E0004D48B7 /* Components */,
				5FA15D9E2A176A06007A1AC6 /* Models */,
				5F96A6CD2A1725CF00FBCFF5 /* BusinessLogicLayer */,
			);
			path = Sources;
			sourceTree = "<group>";
		};
		5FBA26842A14CAC400E972FB /* Rswift */ = {
			isa = PBXGroup;
			children = (
				5FBA26942A1502AF00E972FB /* R.generated.swift */,
			);
			path = Rswift;
			sourceTree = "<group>";
		};
		5FBA26852A14CCAE00E972FB /* Localizations */ = {
			isa = PBXGroup;
			children = (
				5FA0EB732A73A6D70024AB71 /* Localizable.strings */,
			);
			path = Localizations;
			sourceTree = "<group>";
		};
		5FBA26862A14CCC900E972FB /* Assets */ = {
			isa = PBXGroup;
			children = (
				5FBA26732A14A08400E972FB /* Assets.xcassets */,
				5FBA26892A14D21F00E972FB /* Colors.xcassets */,
			);
			path = Assets;
			sourceTree = "<group>";
		};
		5FBA26992A15370A00E972FB /* AuthenticationUserStory */ = {
			isa = PBXGroup;
			children = (
				5FA15D992A17588E007A1AC6 /* Contracotr */,
				5FA15D9B2A1758AA007A1AC6 /* ViewModels */,
				5FA15D9A2A17589A007A1AC6 /* Views */,
			);
			path = AuthenticationUserStory;
			sourceTree = "<group>";
		};
		5FC1C0D32A2F7A7E00081FF1 /* Storage */ = {
			isa = PBXGroup;
			children = (
				5FC1C0D42A2F7C0A00081FF1 /* StorageManager.swift */,
			);
			path = Storage;
			sourceTree = "<group>";
		};
		5FE5AADC2AA1DC480033F51B /* PublicFunc */ = {
			isa = PBXGroup;
			children = (
				5FE5AADD2AA1DC660033F51B /* PublicFunction.swift */,
			);
			path = PublicFunc;
			sourceTree = "<group>";
		};
		5FE6063E2A887D9D00E33205 /* ReAuthorizationUserStory */ = {
			isa = PBXGroup;
			children = (
				5FE606412A887DE900E33205 /* Views */,
				5FE606402A887DE700E33205 /* ViewModel */,
				5FE6063F2A887DE300E33205 /* Contractor */,
			);
			path = ReAuthorizationUserStory;
			sourceTree = "<group>";
		};
		5FE6063F2A887DE300E33205 /* Contractor */ = {
			isa = PBXGroup;
			children = (
				5FE606462A8880D800E33205 /* ReAuthorizationScreenContract.swift */,
			);
			path = Contractor;
			sourceTree = "<group>";
		};
		5FE606402A887DE700E33205 /* ViewModel */ = {
			isa = PBXGroup;
			children = (
				5FE606442A8880CB00E33205 /* ReAuthorizationScreenViewModel.swift */,
			);
			path = ViewModel;
			sourceTree = "<group>";
		};
		5FE606412A887DE900E33205 /* Views */ = {
			isa = PBXGroup;
			children = (
				5FE606422A887E1200E33205 /* ReAuthorizationScreenView.swift */,
			);
			path = Views;
			sourceTree = "<group>";
		};
		5FE927E42A6FA56C00D3FEEA /* LocationManager */ = {
			isa = PBXGroup;
			children = (
				5FE927E52A6FA59E00D3FEEA /* LocationManager.swift */,
			);
			path = LocationManager;
			sourceTree = "<group>";
		};
		5FF546682A1B56F300208455 /* AuthorMainScreenUserStory */ = {
			isa = PBXGroup;
			children = (
				5FF5466B2A1B571800208455 /* Contractor */,
				5FF5466A2A1B571300208455 /* ViewModels */,
				5FF546692A1B571100208455 /* Views */,
			);
			path = AuthorMainScreenUserStory;
			sourceTree = "<group>";
		};
		5FF546692A1B571100208455 /* Views */ = {
			isa = PBXGroup;
			children = (
				5FF546722A1B57C800208455 /* Cells */,
				5FF546702A1B577300208455 /* AuthorMainScreenView.swift */,
			);
			path = Views;
			sourceTree = "<group>";
		};
		5FF5466A2A1B571300208455 /* ViewModels */ = {
			isa = PBXGroup;
			children = (
				5FF5466E2A1B575500208455 /* AuthorMainScreenViewModel.swift */,
			);
			path = ViewModels;
			sourceTree = "<group>";
		};
		5FF5466B2A1B571800208455 /* Contractor */ = {
			isa = PBXGroup;
			children = (
				5FF5466C2A1B573B00208455 /* AuthorMainScreenViewModelType.swift */,
			);
			path = Contractor;
			sourceTree = "<group>";
		};
		5FF546722A1B57C800208455 /* Cells */ = {
			isa = PBXGroup;
			children = (
				5FF546732A1B57E500208455 /* AuthorHCellMainScreenView.swift */,
				5FF546772A1B937A00208455 /* AuthorVCellMainScreenView.swift */,
			);
			path = Cells;
			sourceTree = "<group>";
		};
		5FF58F352A24D61D009AF970 /* Firesore */ = {
			isa = PBXGroup;
			children = (
				5FF58F362A24D647009AF970 /* UserManager.swift */,
			);
			path = Firesore;
			sourceTree = "<group>";
		};
		5FF58F382A27043A009AF970 /* AddEditOrderUserStory */ = {
			isa = PBXGroup;
			children = (
				5FB6BC022A53EA8B003E0DB3 /* AddEditOrder */,
			);
			path = AddEditOrderUserStory;
			sourceTree = "<group>";
		};
		5FF58F392A27048C009AF970 /* Contract */ = {
			isa = PBXGroup;
			children = (
				5F0F8D7F2A31C39E00AF4EED /* AuthorAddOrderViewModelType.swift */,
			);
			path = Contract;
			sourceTree = "<group>";
		};
		5FF58F3A2A27048E009AF970 /* ViewModels */ = {
			isa = PBXGroup;
			children = (
				5F0F8D812A31C3C100AF4EED /* AuthorAddOrderViewModel.swift */,
			);
			path = ViewModels;
			sourceTree = "<group>";
		};
		5FF58F3B2A270492009AF970 /* Views */ = {
			isa = PBXGroup;
			children = (
				5FF58F3C2A2704CA009AF970 /* AuthorAddOrderView.swift */,
			);
			path = Views;
			sourceTree = "<group>";
		};
		5FFC5AB42A91A50B006E10E9 /* Items */ = {
			isa = PBXGroup;
			children = (
				5FFC5AB52A91A536006E10E9 /* CustomerMainCellView.swift */,
			);
			path = Items;
			sourceTree = "<group>";
		};
		C282337F8450236C633B7DF3 /* Pods */ = {
			isa = PBXGroup;
			children = (
				3A719D453A1FA8DDE0B5B4A0 /* Pods-MyPhotoApp.debug.xcconfig */,
				C1C15D56D3D2F0C3BE72C55D /* Pods-MyPhotoApp.release.xcconfig */,
			);
			path = Pods;
			sourceTree = "<group>";
		};
		D768762854DA29471B6A235A /* Frameworks */ = {
			isa = PBXGroup;
			children = (
				5FE606482A8BD9DD00E33205 /* AppTrackingTransparency.framework */,
				36CDCC9F143E459B2B9C1604 /* Pods_MyPhotoApp.framework */,
			);
			name = Frameworks;
			sourceTree = "<group>";
		};
/* End PBXGroup section */

/* Begin PBXNativeTarget section */
		5FBA266B2A14A08200E972FB /* MyPhotoApp */ = {
			isa = PBXNativeTarget;
			buildConfigurationList = 5FBA267A2A14A08400E972FB /* Build configuration list for PBXNativeTarget "MyPhotoApp" */;
			buildPhases = (
				F3D30A8A7E8AADF1F81BC003 /* [CP] Check Pods Manifest.lock */,
				5FBA267D2A14B6C900E972FB /* ShellScript */,
				5FBA26682A14A08200E972FB /* Sources */,
				5FBA26692A14A08200E972FB /* Frameworks */,
				5FBA266A2A14A08200E972FB /* Resources */,
				B53F957D33277325CFFCE9A5 /* [CP] Embed Pods Frameworks */,
			);
			buildRules = (
			);
			dependencies = (
			);
			name = MyPhotoApp;
			packageProductDependencies = (
				5F96A6C72A1723B200FBCFF5 /* FirebaseAuth */,
				5FF65ADB2A1F62D400F5142F /* FirebaseAnalytics */,
				5FF65ADD2A1F62D400F5142F /* FirebaseAnalyticsSwift */,
				5FF58F312A2497EF009AF970 /* FirebaseFirestore */,
				5FF58F332A2497EF009AF970 /* FirebaseFirestoreSwift */,
				5FF58F402A2A3370009AF970 /* FirebaseStorage */,
				5FE461112A3D9E4B001CD607 /* SDWebImageSwiftUI */,
				5FA767E62A6BE67E00861F7D /* GoogleMobileAds */,
			);
			productName = MyPhotoApp;
			productReference = 5FBA266C2A14A08200E972FB /* MyPhotoApp.app */;
			productType = "com.apple.product-type.application";
		};
/* End PBXNativeTarget section */

/* Begin PBXProject section */
		5FBA26642A14A08200E972FB /* Project object */ = {
			isa = PBXProject;
			attributes = {
				BuildIndependentTargetsInParallel = 1;
				LastSwiftUpdateCheck = 1430;
				LastUpgradeCheck = 1430;
				TargetAttributes = {
					5FBA266B2A14A08200E972FB = {
						CreatedOnToolsVersion = 14.3;
					};
				};
			};
			buildConfigurationList = 5FBA26672A14A08200E972FB /* Build configuration list for PBXProject "MyPhotoApp" */;
			compatibilityVersion = "Xcode 14.0";
			developmentRegion = en;
			hasScannedForEncodings = 0;
			knownRegions = (
				en,
				Base,
				ru,
			);
			mainGroup = 5FBA26632A14A08200E972FB;
			packageReferences = (
				5F96A6C62A1723B200FBCFF5 /* XCRemoteSwiftPackageReference "firebase-ios-sdk" */,
				5FE461102A3D9E4B001CD607 /* XCRemoteSwiftPackageReference "SDWebImageSwiftUI" */,
				5FA767E52A6BE67E00861F7D /* XCRemoteSwiftPackageReference "swift-package-manager-google-mobile-ads" */,
			);
			productRefGroup = 5FBA266D2A14A08200E972FB /* Products */;
			projectDirPath = "";
			projectRoot = "";
			targets = (
				5FBA266B2A14A08200E972FB /* MyPhotoApp */,
			);
		};
/* End PBXProject section */

/* Begin PBXResourcesBuildPhase section */
		5FBA266A2A14A08200E972FB /* Resources */ = {
			isa = PBXResourcesBuildPhase;
			buildActionMask = 2147483647;
			files = (
				5FBA26772A14A08400E972FB /* Preview Assets.xcassets in Resources */,
				5FB717452A2090A300EC7BF6 /* GoogleService-Info.plist in Resources */,
				5FBA268A2A14D21F00E972FB /* Colors.xcassets in Resources */,
				5FA0EB712A73A6D70024AB71 /* Localizable.strings in Resources */,
				5FBA26742A14A08400E972FB /* Assets.xcassets in Resources */,
			);
			runOnlyForDeploymentPostprocessing = 0;
		};
/* End PBXResourcesBuildPhase section */

/* Begin PBXShellScriptBuildPhase section */
		5FBA267D2A14B6C900E972FB /* ShellScript */ = {
			isa = PBXShellScriptBuildPhase;
			alwaysOutOfDate = 1;
			buildActionMask = 2147483647;
			files = (
			);
			inputFileListPaths = (
			);
			inputPaths = (
			);
			outputFileListPaths = (
			);
			outputPaths = (
				$SRCROOT/R.generated.swift,
				$SRCROOT/MyPhotoApp/Resources/Rswift/R.generated.swift,
			);
			runOnlyForDeploymentPostprocessing = 0;
			shellPath = /bin/sh;
			shellScript = "\"$PODS_ROOT/R.swift/rswift\" generate \"$SRCROOT/MyPhotoApp/Resources/Rswift/R.generated.swift\"\n";
		};
		B53F957D33277325CFFCE9A5 /* [CP] Embed Pods Frameworks */ = {
			isa = PBXShellScriptBuildPhase;
			buildActionMask = 2147483647;
			files = (
			);
			inputFileListPaths = (
				"${PODS_ROOT}/Target Support Files/Pods-MyPhotoApp/Pods-MyPhotoApp-frameworks-${CONFIGURATION}-input-files.xcfilelist",
			);
			name = "[CP] Embed Pods Frameworks";
			outputFileListPaths = (
				"${PODS_ROOT}/Target Support Files/Pods-MyPhotoApp/Pods-MyPhotoApp-frameworks-${CONFIGURATION}-output-files.xcfilelist",
			);
			runOnlyForDeploymentPostprocessing = 0;
			shellPath = /bin/sh;
			shellScript = "\"${PODS_ROOT}/Target Support Files/Pods-MyPhotoApp/Pods-MyPhotoApp-frameworks.sh\"\n";
			showEnvVarsInLog = 0;
		};
		F3D30A8A7E8AADF1F81BC003 /* [CP] Check Pods Manifest.lock */ = {
			isa = PBXShellScriptBuildPhase;
			buildActionMask = 2147483647;
			files = (
			);
			inputFileListPaths = (
			);
			inputPaths = (
				"${PODS_PODFILE_DIR_PATH}/Podfile.lock",
				"${PODS_ROOT}/Manifest.lock",
			);
			name = "[CP] Check Pods Manifest.lock";
			outputFileListPaths = (
			);
			outputPaths = (
				"$(DERIVED_FILE_DIR)/Pods-MyPhotoApp-checkManifestLockResult.txt",
			);
			runOnlyForDeploymentPostprocessing = 0;
			shellPath = /bin/sh;
			shellScript = "diff \"${PODS_PODFILE_DIR_PATH}/Podfile.lock\" \"${PODS_ROOT}/Manifest.lock\" > /dev/null\nif [ $? != 0 ] ; then\n    # print error to STDERR\n    echo \"error: The sandbox is not in sync with the Podfile.lock. Run 'pod install' or update your CocoaPods installation.\" >&2\n    exit 1\nfi\n# This output is used by Xcode 'outputs' to avoid re-running this script phase.\necho \"SUCCESS\" > \"${SCRIPT_OUTPUT_FILE_0}\"\n";
			showEnvVarsInLog = 0;
		};
/* End PBXShellScriptBuildPhase section */

/* Begin PBXSourcesBuildPhase section */
		5FBA26682A14A08200E972FB /* Sources */ = {
			isa = PBXSourcesBuildPhase;
			buildActionMask = 2147483647;
			files = (
				5FA0EB762A7952200024AB71 /* SettingScreenViewModel.swift in Sources */,
				5F214E0E2A997DFD0014AD9B /* CustomerDetailScreenViewModelType.swift in Sources */,
				5F0F8D802A31C39E00AF4EED /* AuthorAddOrderViewModelType.swift in Sources */,
				5FE5AADE2AA1DC660033F51B /* PublicFunction.swift in Sources */,
				5F4A1B492AA086CA00EC67B2 /* PortfolioViewModelType.swift in Sources */,
				5F27118F2A4AB7BD00679028 /* Constants.swift in Sources */,
				5F4A1B3D2A9C59C900EC67B2 /* CustomerConfirmOrderView.swift in Sources */,
				5FE5AAE62AA2BA580033F51B /* SearchLocationViewModel.swift in Sources */,
				5FFC5AB62A91A536006E10E9 /* CustomerMainCellView.swift in Sources */,
				5F4A1B2F2A9B151200EC67B2 /* FlexibleView.swift in Sources */,
				5FE5AAE42AA2B8AC0033F51B /* DBLocationModel.swift in Sources */,
				5FE606472A8880D800E33205 /* ReAuthorizationScreenContract.swift in Sources */,
				5F3909632A8F5FD5006E539A /* CustomerMainScreenViewModelType.swift in Sources */,
				5FF546742A1B57E500208455 /* AuthorHCellMainScreenView.swift in Sources */,
				5FA15DAE2A186BED007A1AC6 /* DetailOrderView.swift in Sources */,
				5FC1C0D52A2F7C0A00081FF1 /* StorageManager.swift in Sources */,
				5FB717482A223F6400EC7BF6 /* SettingScreenView.swift in Sources */,
				5F27118C2A4934AD00679028 /* WeatherManager.swift in Sources */,
				5F6B896A2AD2A26B00A18CC3 /* DbCustomerOrdersModel.swift in Sources */,
				5FFC5AB32A919E4E006E10E9 /* CustomerMainScreenView.swift in Sources */,
				5FE927E62A6FA59E00D3FEEA /* LocationManager.swift in Sources */,
				5FA3C3482A5BDC23003EA4F8 /* AuthorHubPageView.swift in Sources */,
				5F3909652A8F6D1C006E539A /* DBPortfolioModel.swift in Sources */,
				5FF546712A1B577300208455 /* AuthorMainScreenView.swift in Sources */,
				5F9F324B2A973604004D48B7 /* CustomerCustomTabs.swift in Sources */,
				5F0F8D842A31E22A00AF4EED /* DBUserModel.swift in Sources */,
				5F4A1B332A9B154F00EC67B2 /* SizeReader.swift in Sources */,
				5FBA269F2A162D6700E972FB /* CustomSecureTextField.swift in Sources */,
				5FF58F302A2380C9009AF970 /* RootScreenView.swift in Sources */,
				5FBA26702A14A08200E972FB /* MyPhotoAppApp.swift in Sources */,
				5F214E082A9744FF0014AD9B /* CustomerPageHubView.swift in Sources */,
				5FA15DAA2A1851E8007A1AC6 /* DetailOrderViewModelType.swift in Sources */,
				5FF5466F2A1B575500208455 /* AuthorMainScreenViewModel.swift in Sources */,
				5F9F32422A947765004D48B7 /* StickyHeader.swift in Sources */,
				5F9F32442A94C894004D48B7 /* AuthorPortfolioModel.swift in Sources */,
				5FEB71762AAC6A3D00DCC07E /* ScheduleModel.swift in Sources */,
				5F214E102A997EBE0014AD9B /* CustomerDetailScreenViewModel.swift in Sources */,
				5FA767E42A69762900861F7D /* PortfolioEditView.swift in Sources */,
				5FE606452A8880CB00E33205 /* ReAuthorizationScreenViewModel.swift in Sources */,
				5F2711892A488FAB00679028 /* WeatherModel.swift in Sources */,
				5F0F8D862A31E28B00AF4EED /* DbOrderModel.swift in Sources */,
				5F1BCAA32ABADBBE00223146 /* CustomerSearchBar.swift in Sources */,
				5F9F32482A96F065004D48B7 /* AuthorCustomTabs.swift in Sources */,
				5F4A1B422A9EF73F00EC67B2 /* SearchLocationView.swift in Sources */,
				5F9F323A2A9373D0004D48B7 /* CustomerDetailScreenView.swift in Sources */,
				5FF58F3D2A2704CA009AF970 /* AuthorAddOrderView.swift in Sources */,
				5FEB717A2AACA93100DCC07E /* PortfolioScheduleViewModelType.swift in Sources */,
				5FA0EB782A79523E0024AB71 /* SettingScreenViewModelType.swift in Sources */,
				5FE5AAEA2AA46C160033F51B /* PortfolioScheduleView.swift in Sources */,
				5F0F8D822A31C3C100AF4EED /* AuthorAddOrderViewModel.swift in Sources */,
				5F4A1B3B2A9C593300EC67B2 /* CustomerConfirmOrderViewModel.swift in Sources */,
				5F1BCA9B2AB006BA00223146 /* PortfolioView.swift in Sources */,
				5FBA26952A1502AF00E972FB /* R.generated.swift in Sources */,
				5FBDF84B2A64FD2300C1108D /* ImageFullScreenView.swift in Sources */,
				5F96A6CF2A17260900FBCFF5 /* AuthNetworkService.swift in Sources */,
				5FE606432A887E1200E33205 /* ReAuthorizationScreenView.swift in Sources */,
				5FEB71782AACA92000DCC07E /* PortfolioScheduleViewModel.swift in Sources */,
				5FE5AAE82AA357500033F51B /* PhotographyStylesView.swift in Sources */,
				5FA15DA02A176A21007A1AC6 /* UserDataModel.swift in Sources */,
				5F4A1B392A9C591B00EC67B2 /* CustomerConfirmOrderViewModelType.swift in Sources */,
				5F1BCA9F2AB1C64E00223146 /* PortfolioEditViewModelType.swift in Sources */,
				5F1BCA9D2AB1C63300223146 /* PortfolioEditViewModel.swift in Sources */,
				5F9F32462A96006D004D48B7 /* CountryCodesView.swift in Sources */,
				5FBA269D2A1600D800E972FB /* CustomButtonXl.swift in Sources */,
				5FF58F372A24D647009AF970 /* UserManager.swift in Sources */,
				5FBA269B2A15375E00E972FB /* AuthenticationScreenView.swift in Sources */,
				5F4A1B402A9EF21F00EC67B2 /* SearchLocationManaget.swift in Sources */,
				5FF546782A1B937A00208455 /* AuthorVCellMainScreenView.swift in Sources */,
				5FBA26982A1536A400E972FB /* CustomTextField.swift in Sources */,
				5FA15D982A175727007A1AC6 /* AuthenticationScreenContract.swift in Sources */,
				5F9F323C2A93744E004D48B7 /* CustomerMainScreenViewModel.swift in Sources */,
				5F4A1B312A9B153100EC67B2 /* _FlexibleView.swift in Sources */,
				5FF5466D2A1B573B00208455 /* AuthorMainScreenViewModelType.swift in Sources */,
				5FA15DA42A184BDC007A1AC6 /* AuthorOrderModel.swift in Sources */,
				5FE5AADB2AA1AFBB0033F51B /* PortfolioViewModel.swift in Sources */,
				5FA15DAC2A185305007A1AC6 /* DetailOrderViewModel.swift in Sources */,
				5FA15D9D2A175A91007A1AC6 /* AuthenticationScreenViewModel.swift in Sources */,
				5FE5AAE22AA1DEFE0033F51B /* CustomTextEdit.swift in Sources */,
			);
			runOnlyForDeploymentPostprocessing = 0;
		};
/* End PBXSourcesBuildPhase section */

/* Begin PBXVariantGroup section */
		5FA0EB732A73A6D70024AB71 /* Localizable.strings */ = {
			isa = PBXVariantGroup;
			children = (
				5FA0EB722A73A6D70024AB71 /* en */,
				5FA0EB742A73A7050024AB71 /* ru */,
			);
			name = Localizable.strings;
			sourceTree = "<group>";
		};
/* End PBXVariantGroup section */

/* Begin XCBuildConfiguration section */
		5FBA26782A14A08400E972FB /* Debug */ = {
			isa = XCBuildConfiguration;
			buildSettings = {
				ALWAYS_SEARCH_USER_PATHS = NO;
				CLANG_ANALYZER_LOCALIZABILITY_NONLOCALIZED = YES;
				CLANG_ANALYZER_NONNULL = YES;
				CLANG_ANALYZER_NUMBER_OBJECT_CONVERSION = YES_AGGRESSIVE;
				CLANG_CXX_LANGUAGE_STANDARD = "gnu++20";
				CLANG_ENABLE_MODULES = YES;
				CLANG_ENABLE_OBJC_ARC = YES;
				CLANG_ENABLE_OBJC_WEAK = YES;
				CLANG_WARN_BLOCK_CAPTURE_AUTORELEASING = YES;
				CLANG_WARN_BOOL_CONVERSION = YES;
				CLANG_WARN_COMMA = YES;
				CLANG_WARN_CONSTANT_CONVERSION = YES;
				CLANG_WARN_DEPRECATED_OBJC_IMPLEMENTATIONS = YES;
				CLANG_WARN_DIRECT_OBJC_ISA_USAGE = YES_ERROR;
				CLANG_WARN_DOCUMENTATION_COMMENTS = YES;
				CLANG_WARN_EMPTY_BODY = YES;
				CLANG_WARN_ENUM_CONVERSION = YES;
				CLANG_WARN_INFINITE_RECURSION = YES;
				CLANG_WARN_INT_CONVERSION = YES;
				CLANG_WARN_NON_LITERAL_NULL_CONVERSION = YES;
				CLANG_WARN_OBJC_IMPLICIT_RETAIN_SELF = YES;
				CLANG_WARN_OBJC_LITERAL_CONVERSION = YES;
				CLANG_WARN_OBJC_ROOT_CLASS = YES_ERROR;
				CLANG_WARN_QUOTED_INCLUDE_IN_FRAMEWORK_HEADER = YES;
				CLANG_WARN_RANGE_LOOP_ANALYSIS = YES;
				CLANG_WARN_STRICT_PROTOTYPES = YES;
				CLANG_WARN_SUSPICIOUS_MOVE = YES;
				CLANG_WARN_UNGUARDED_AVAILABILITY = YES_AGGRESSIVE;
				CLANG_WARN_UNREACHABLE_CODE = YES;
				CLANG_WARN__DUPLICATE_METHOD_MATCH = YES;
				COPY_PHASE_STRIP = NO;
				DEBUG_INFORMATION_FORMAT = dwarf;
				ENABLE_STRICT_OBJC_MSGSEND = YES;
				ENABLE_TESTABILITY = YES;
				GCC_C_LANGUAGE_STANDARD = gnu11;
				GCC_DYNAMIC_NO_PIC = NO;
				GCC_NO_COMMON_BLOCKS = YES;
				GCC_OPTIMIZATION_LEVEL = 0;
				GCC_PREPROCESSOR_DEFINITIONS = (
					"DEBUG=1",
					"$(inherited)",
				);
				GCC_WARN_64_TO_32_BIT_CONVERSION = YES;
				GCC_WARN_ABOUT_RETURN_TYPE = YES_ERROR;
				GCC_WARN_UNDECLARED_SELECTOR = YES;
				GCC_WARN_UNINITIALIZED_AUTOS = YES_AGGRESSIVE;
				GCC_WARN_UNUSED_FUNCTION = YES;
				GCC_WARN_UNUSED_VARIABLE = YES;
				IPHONEOS_DEPLOYMENT_TARGET = 16.0;
				MTL_ENABLE_DEBUG_INFO = INCLUDE_SOURCE;
				MTL_FAST_MATH = YES;
				ONLY_ACTIVE_ARCH = YES;
				SDKROOT = iphoneos;
				SWIFT_ACTIVE_COMPILATION_CONDITIONS = DEBUG;
				SWIFT_OPTIMIZATION_LEVEL = "-Onone";
			};
			name = Debug;
		};
		5FBA26792A14A08400E972FB /* Release */ = {
			isa = XCBuildConfiguration;
			buildSettings = {
				ALWAYS_SEARCH_USER_PATHS = NO;
				CLANG_ANALYZER_LOCALIZABILITY_NONLOCALIZED = YES;
				CLANG_ANALYZER_NONNULL = YES;
				CLANG_ANALYZER_NUMBER_OBJECT_CONVERSION = YES_AGGRESSIVE;
				CLANG_CXX_LANGUAGE_STANDARD = "gnu++20";
				CLANG_ENABLE_MODULES = YES;
				CLANG_ENABLE_OBJC_ARC = YES;
				CLANG_ENABLE_OBJC_WEAK = YES;
				CLANG_WARN_BLOCK_CAPTURE_AUTORELEASING = YES;
				CLANG_WARN_BOOL_CONVERSION = YES;
				CLANG_WARN_COMMA = YES;
				CLANG_WARN_CONSTANT_CONVERSION = YES;
				CLANG_WARN_DEPRECATED_OBJC_IMPLEMENTATIONS = YES;
				CLANG_WARN_DIRECT_OBJC_ISA_USAGE = YES_ERROR;
				CLANG_WARN_DOCUMENTATION_COMMENTS = YES;
				CLANG_WARN_EMPTY_BODY = YES;
				CLANG_WARN_ENUM_CONVERSION = YES;
				CLANG_WARN_INFINITE_RECURSION = YES;
				CLANG_WARN_INT_CONVERSION = YES;
				CLANG_WARN_NON_LITERAL_NULL_CONVERSION = YES;
				CLANG_WARN_OBJC_IMPLICIT_RETAIN_SELF = YES;
				CLANG_WARN_OBJC_LITERAL_CONVERSION = YES;
				CLANG_WARN_OBJC_ROOT_CLASS = YES_ERROR;
				CLANG_WARN_QUOTED_INCLUDE_IN_FRAMEWORK_HEADER = YES;
				CLANG_WARN_RANGE_LOOP_ANALYSIS = YES;
				CLANG_WARN_STRICT_PROTOTYPES = YES;
				CLANG_WARN_SUSPICIOUS_MOVE = YES;
				CLANG_WARN_UNGUARDED_AVAILABILITY = YES_AGGRESSIVE;
				CLANG_WARN_UNREACHABLE_CODE = YES;
				CLANG_WARN__DUPLICATE_METHOD_MATCH = YES;
				COPY_PHASE_STRIP = NO;
				DEBUG_INFORMATION_FORMAT = "dwarf-with-dsym";
				ENABLE_NS_ASSERTIONS = NO;
				ENABLE_STRICT_OBJC_MSGSEND = YES;
				GCC_C_LANGUAGE_STANDARD = gnu11;
				GCC_NO_COMMON_BLOCKS = YES;
				GCC_WARN_64_TO_32_BIT_CONVERSION = YES;
				GCC_WARN_ABOUT_RETURN_TYPE = YES_ERROR;
				GCC_WARN_UNDECLARED_SELECTOR = YES;
				GCC_WARN_UNINITIALIZED_AUTOS = YES_AGGRESSIVE;
				GCC_WARN_UNUSED_FUNCTION = YES;
				GCC_WARN_UNUSED_VARIABLE = YES;
				IPHONEOS_DEPLOYMENT_TARGET = 16.0;
				MTL_ENABLE_DEBUG_INFO = NO;
				MTL_FAST_MATH = YES;
				SDKROOT = iphoneos;
				SWIFT_COMPILATION_MODE = wholemodule;
				SWIFT_OPTIMIZATION_LEVEL = "-O";
				VALIDATE_PRODUCT = YES;
			};
			name = Release;
		};
		5FBA267B2A14A08400E972FB /* Debug */ = {
			isa = XCBuildConfiguration;
			baseConfigurationReference = 3A719D453A1FA8DDE0B5B4A0 /* Pods-MyPhotoApp.debug.xcconfig */;
			buildSettings = {
				ASSETCATALOG_COMPILER_APPICON_NAME = AppIcon;
				ASSETCATALOG_COMPILER_GLOBAL_ACCENT_COLOR_NAME = AccentColor;
				CODE_SIGN_ENTITLEMENTS = MyPhotoApp/MyPhotoApp.entitlements;
				CODE_SIGN_IDENTITY = "Apple Development";
				CODE_SIGN_STYLE = Automatic;
				CURRENT_PROJECT_VERSION = 2;
				DEVELOPMENT_ASSET_PATHS = "\"MyPhotoApp/Preview Content\"";
				DEVELOPMENT_TEAM = 6YR4NUJR8F;
				ENABLE_PREVIEWS = YES;
				GENERATE_INFOPLIST_FILE = YES;
				INFOPLIST_FILE = MyPhotoApp/Info.plist;
				INFOPLIST_KEY_CFBundleDisplayName = TakeAPhoto;
				INFOPLIST_KEY_LSApplicationCategoryType = "public.app-category.photography";
				INFOPLIST_KEY_NSLocationAlwaysAndWhenInUseUsageDescription = "We use location to show you weather information for your current location.";
				INFOPLIST_KEY_NSLocationWhenInUseUsageDescription = "We use location to show you weather information for your current location.";
				INFOPLIST_KEY_NSUserTrackingUsageDescription = "In-app activity is tracked to deliver relevant messaging at relevant times for the user";
				INFOPLIST_KEY_UIApplicationSceneManifest_Generation = YES;
				INFOPLIST_KEY_UIApplicationSupportsIndirectInputEvents = YES;
				INFOPLIST_KEY_UILaunchScreen_Generation = YES;
				INFOPLIST_KEY_UISupportedInterfaceOrientations = UIInterfaceOrientationPortrait;
				IPHONEOS_DEPLOYMENT_TARGET = 16.0;
				LD_RUNPATH_SEARCH_PATHS = (
					"$(inherited)",
					"@executable_path/Frameworks",
				);
				MARKETING_VERSION = 1.0.0;
				PRODUCT_BUNDLE_IDENTIFIER = com.stepanoviosdev.takeaphoto;
				PRODUCT_NAME = "$(TARGET_NAME)";
				PROVISIONING_PROFILE_SPECIFIER = "";
				SUPPORTED_PLATFORMS = "iphoneos iphonesimulator";
				SUPPORTS_MACCATALYST = NO;
				SUPPORTS_MAC_DESIGNED_FOR_IPHONE_IPAD = NO;
				SWIFT_EMIT_LOC_STRINGS = YES;
				SWIFT_VERSION = 5.0;
				TARGETED_DEVICE_FAMILY = 1;
			};
			name = Debug;
		};
		5FBA267C2A14A08400E972FB /* Release */ = {
			isa = XCBuildConfiguration;
			baseConfigurationReference = C1C15D56D3D2F0C3BE72C55D /* Pods-MyPhotoApp.release.xcconfig */;
			buildSettings = {
				ASSETCATALOG_COMPILER_APPICON_NAME = AppIcon;
				ASSETCATALOG_COMPILER_GLOBAL_ACCENT_COLOR_NAME = AccentColor;
				CODE_SIGN_ENTITLEMENTS = MyPhotoApp/MyPhotoApp.entitlements;
				CODE_SIGN_IDENTITY = "Apple Development";
				CODE_SIGN_STYLE = Automatic;
				CURRENT_PROJECT_VERSION = 2;
				DEVELOPMENT_ASSET_PATHS = "\"MyPhotoApp/Preview Content\"";
				DEVELOPMENT_TEAM = 6YR4NUJR8F;
				ENABLE_PREVIEWS = YES;
				GENERATE_INFOPLIST_FILE = YES;
				INFOPLIST_FILE = MyPhotoApp/Info.plist;
				INFOPLIST_KEY_CFBundleDisplayName = TakeAPhoto;
				INFOPLIST_KEY_LSApplicationCategoryType = "public.app-category.photography";
				INFOPLIST_KEY_NSLocationAlwaysAndWhenInUseUsageDescription = "We use location to show you weather information for your current location.";
				INFOPLIST_KEY_NSLocationWhenInUseUsageDescription = "We use location to show you weather information for your current location.";
				INFOPLIST_KEY_NSUserTrackingUsageDescription = "In-app activity is tracked to deliver relevant messaging at relevant times for the user";
				INFOPLIST_KEY_UIApplicationSceneManifest_Generation = YES;
				INFOPLIST_KEY_UIApplicationSupportsIndirectInputEvents = YES;
				INFOPLIST_KEY_UILaunchScreen_Generation = YES;
				INFOPLIST_KEY_UISupportedInterfaceOrientations = UIInterfaceOrientationPortrait;
				IPHONEOS_DEPLOYMENT_TARGET = 16.0;
				LD_RUNPATH_SEARCH_PATHS = (
					"$(inherited)",
					"@executable_path/Frameworks",
				);
				MARKETING_VERSION = 1.0.0;
				PRODUCT_BUNDLE_IDENTIFIER = com.stepanoviosdev.takeaphoto;
				PRODUCT_NAME = "$(TARGET_NAME)";
				PROVISIONING_PROFILE_SPECIFIER = "";
				SUPPORTED_PLATFORMS = "iphoneos iphonesimulator";
				SUPPORTS_MACCATALYST = NO;
				SUPPORTS_MAC_DESIGNED_FOR_IPHONE_IPAD = NO;
				SWIFT_EMIT_LOC_STRINGS = YES;
				SWIFT_VERSION = 5.0;
				TARGETED_DEVICE_FAMILY = 1;
			};
			name = Release;
		};
/* End XCBuildConfiguration section */

/* Begin XCConfigurationList section */
		5FBA26672A14A08200E972FB /* Build configuration list for PBXProject "MyPhotoApp" */ = {
			isa = XCConfigurationList;
			buildConfigurations = (
				5FBA26782A14A08400E972FB /* Debug */,
				5FBA26792A14A08400E972FB /* Release */,
			);
			defaultConfigurationIsVisible = 0;
			defaultConfigurationName = Release;
		};
		5FBA267A2A14A08400E972FB /* Build configuration list for PBXNativeTarget "MyPhotoApp" */ = {
			isa = XCConfigurationList;
			buildConfigurations = (
				5FBA267B2A14A08400E972FB /* Debug */,
				5FBA267C2A14A08400E972FB /* Release */,
			);
			defaultConfigurationIsVisible = 0;
			defaultConfigurationName = Release;
		};
/* End XCConfigurationList section */

/* Begin XCRemoteSwiftPackageReference section */
		5F96A6C62A1723B200FBCFF5 /* XCRemoteSwiftPackageReference "firebase-ios-sdk" */ = {
			isa = XCRemoteSwiftPackageReference;
			repositoryURL = "https://github.com/firebase/firebase-ios-sdk";
			requirement = {
				kind = upToNextMajorVersion;
				minimumVersion = 10.0.0;
			};
		};
		5FA767E52A6BE67E00861F7D /* XCRemoteSwiftPackageReference "swift-package-manager-google-mobile-ads" */ = {
			isa = XCRemoteSwiftPackageReference;
			repositoryURL = "https://github.com/googleads/swift-package-manager-google-mobile-ads.git";
			requirement = {
				kind = upToNextMajorVersion;
				minimumVersion = 10.0.0;
			};
		};
		5FE461102A3D9E4B001CD607 /* XCRemoteSwiftPackageReference "SDWebImageSwiftUI" */ = {
			isa = XCRemoteSwiftPackageReference;
			repositoryURL = "https://github.com/SDWebImage/SDWebImageSwiftUI.git";
			requirement = {
				kind = upToNextMajorVersion;
				minimumVersion = 2.0.0;
			};
		};
/* End XCRemoteSwiftPackageReference section */

/* Begin XCSwiftPackageProductDependency section */
		5F96A6C72A1723B200FBCFF5 /* FirebaseAuth */ = {
			isa = XCSwiftPackageProductDependency;
			package = 5F96A6C62A1723B200FBCFF5 /* XCRemoteSwiftPackageReference "firebase-ios-sdk" */;
			productName = FirebaseAuth;
		};
		5FA767E62A6BE67E00861F7D /* GoogleMobileAds */ = {
			isa = XCSwiftPackageProductDependency;
			package = 5FA767E52A6BE67E00861F7D /* XCRemoteSwiftPackageReference "swift-package-manager-google-mobile-ads" */;
			productName = GoogleMobileAds;
		};
		5FE461112A3D9E4B001CD607 /* SDWebImageSwiftUI */ = {
			isa = XCSwiftPackageProductDependency;
			package = 5FE461102A3D9E4B001CD607 /* XCRemoteSwiftPackageReference "SDWebImageSwiftUI" */;
			productName = SDWebImageSwiftUI;
		};
		5FF58F312A2497EF009AF970 /* FirebaseFirestore */ = {
			isa = XCSwiftPackageProductDependency;
			package = 5F96A6C62A1723B200FBCFF5 /* XCRemoteSwiftPackageReference "firebase-ios-sdk" */;
			productName = FirebaseFirestore;
		};
		5FF58F332A2497EF009AF970 /* FirebaseFirestoreSwift */ = {
			isa = XCSwiftPackageProductDependency;
			package = 5F96A6C62A1723B200FBCFF5 /* XCRemoteSwiftPackageReference "firebase-ios-sdk" */;
			productName = FirebaseFirestoreSwift;
		};
		5FF58F402A2A3370009AF970 /* FirebaseStorage */ = {
			isa = XCSwiftPackageProductDependency;
			package = 5F96A6C62A1723B200FBCFF5 /* XCRemoteSwiftPackageReference "firebase-ios-sdk" */;
			productName = FirebaseStorage;
		};
		5FF65ADB2A1F62D400F5142F /* FirebaseAnalytics */ = {
			isa = XCSwiftPackageProductDependency;
			package = 5F96A6C62A1723B200FBCFF5 /* XCRemoteSwiftPackageReference "firebase-ios-sdk" */;
			productName = FirebaseAnalytics;
		};
		5FF65ADD2A1F62D400F5142F /* FirebaseAnalyticsSwift */ = {
			isa = XCSwiftPackageProductDependency;
			package = 5F96A6C62A1723B200FBCFF5 /* XCRemoteSwiftPackageReference "firebase-ios-sdk" */;
			productName = FirebaseAnalyticsSwift;
		};
/* End XCSwiftPackageProductDependency section */
	};
	rootObject = 5FBA26642A14A08200E972FB /* Project object */;
}
